// !$*UTF8*$!
{
	archiveVersion = 1;
	classes = {
	};
	objectVersion = 50;
	objects = {

/* Begin PBXBuildFile section */
		EBCB940523A7E9B8006C11C5 /* AppDelegate.swift in Sources */ = {isa = PBXBuildFile; fileRef = EBCB940423A7E9B8006C11C5 /* AppDelegate.swift */; };
		EBCB940723A7E9B8006C11C5 /* SceneDelegate.swift in Sources */ = {isa = PBXBuildFile; fileRef = EBCB940623A7E9B8006C11C5 /* SceneDelegate.swift */; };
		EBCB940923A7E9B8006C11C5 /* ViewController.swift in Sources */ = {isa = PBXBuildFile; fileRef = EBCB940823A7E9B8006C11C5 /* ViewController.swift */; };
		EBCB940C23A7E9B8006C11C5 /* Main.storyboard in Resources */ = {isa = PBXBuildFile; fileRef = EBCB940A23A7E9B8006C11C5 /* Main.storyboard */; };
		EBCB940E23A7E9BB006C11C5 /* Assets.xcassets in Resources */ = {isa = PBXBuildFile; fileRef = EBCB940D23A7E9BB006C11C5 /* Assets.xcassets */; };
		EBCB941123A7E9BB006C11C5 /* LaunchScreen.storyboard in Resources */ = {isa = PBXBuildFile; fileRef = EBCB940F23A7E9BB006C11C5 /* LaunchScreen.storyboard */; };
		EBCB941923A7EB88006C11C5 /* data.json in Resources */ = {isa = PBXBuildFile; fileRef = EBCB941823A7EB88006C11C5 /* data.json */; };
/* End PBXBuildFile section */

/* Begin PBXFileReference section */
		EBCB940123A7E9B7006C11C5 /* json.app */ = {isa = PBXFileReference; explicitFileType = wrapper.application; includeInIndex = 0; path = json.app; sourceTree = BUILT_PRODUCTS_DIR; };
		EBCB940423A7E9B8006C11C5 /* AppDelegate.swift */ = {isa = PBXFileReference; lastKnownFileType = sourcecode.swift; path = AppDelegate.swift; sourceTree = "<group>"; };
		EBCB940623A7E9B8006C11C5 /* SceneDelegate.swift */ = {isa = PBXFileReference; lastKnownFileType = sourcecode.swift; path = SceneDelegate.swift; sourceTree = "<group>"; };
		EBCB940823A7E9B8006C11C5 /* ViewController.swift */ = {isa = PBXFileReference; lastKnownFileType = sourcecode.swift; path = ViewController.swift; sourceTree = "<group>"; };
		EBCB940B23A7E9B8006C11C5 /* Base */ = {isa = PBXFileReference; lastKnownFileType = file.storyboard; name = Base; path = Base.lproj/Main.storyboard; sourceTree = "<group>"; };
		EBCB940D23A7E9BB006C11C5 /* Assets.xcassets */ = {isa = PBXFileReference; lastKnownFileType = folder.assetcatalog; path = Assets.xcassets; sourceTree = "<group>"; };
		EBCB941023A7E9BB006C11C5 /* Base */ = {isa = PBXFileReference; lastKnownFileType = file.storyboard; name = Base; path = Base.lproj/LaunchScreen.storyboard; sourceTree = "<group>"; };
		EBCB941223A7E9BB006C11C5 /* Info.plist */ = {isa = PBXFileReference; lastKnownFileType = text.plist.xml; path = Info.plist; sourceTree = "<group>"; };
		EBCB941823A7EB88006C11C5 /* data.json */ = {isa = PBXFileReference; lastKnownFileType = text.json; path = data.json; sourceTree = "<group>"; };
/* End PBXFileReference section */

/* Begin PBXFrameworksBuildPhase section */
		EBCB93FE23A7E9B7006C11C5 /* Frameworks */ = {
			isa = PBXFrameworksBuildPhase;
			buildActionMask = 2147483647;
			files = (
			);
			runOnlyForDeploymentPostprocessing = 0;
		};
/* End PBXFrameworksBuildPhase section */

/* Begin PBXGroup section */
		EBCB93F823A7E9B7006C11C5 = {
			isa = PBXGroup;
			children = (
				EBCB940323A7E9B7006C11C5 /* json */,
				EBCB940223A7E9B7006C11C5 /* Products */,
			);
			sourceTree = "<group>";
		};
		EBCB940223A7E9B7006C11C5 /* Products */ = {
			isa = PBXGroup;
			children = (
				EBCB940123A7E9B7006C11C5 /* json.app */,
			);
			name = Products;
			sourceTree = "<group>";
		};
		EBCB940323A7E9B7006C11C5 /* json */ = {
			isa = PBXGroup;
			children = (
				EBCB940423A7E9B8006C11C5 /* AppDelegate.swift */,
				EBCB940623A7E9B8006C11C5 /* SceneDelegate.swift */,
				EBCB940823A7E9B8006C11C5 /* ViewController.swift */,
				EBCB941823A7EB88006C11C5 /* data.json */,
				EBCB940A23A7E9B8006C11C5 /* Main.storyboard */,
				EBCB940D23A7E9BB006C11C5 /* Assets.xcassets */,
				EBCB940F23A7E9BB006C11C5 /* LaunchScreen.storyboard */,
				EBCB941223A7E9BB006C11C5 /* Info.plist */,
			);
			path = json;
			sourceTree = "<group>";
		};
/* End PBXGroup section */

/* Begin PBXNativeTarget section */
		EBCB940023A7E9B7006C11C5 /* json */ = {
			isa = PBXNativeTarget;
			buildConfigurationList = EBCB941523A7E9BB006C11C5 /* Build configuration list for PBXNativeTarget "json" */;
			buildPhases = (
				EBCB93FD23A7E9B7006C11C5 /* Sources */,
				EBCB93FE23A7E9B7006C11C5 /* Frameworks */,
				EBCB93FF23A7E9B7006C11C5 /* Resources */,
			);
			buildRules = (
			);
			dependencies = (
			);
			name = json;
			productName = json;
			productReference = EBCB940123A7E9B7006C11C5 /* json.app */;
			productType = "com.apple.product-type.application";
		};
/* End PBXNativeTarget section */

/* Begin PBXProject section */
		EBCB93F923A7E9B7006C11C5 /* Project object */ = {
			isa = PBXProject;
			attributes = {
				LastSwiftUpdateCheck = 1130;
				LastUpgradeCheck = 1130;
				ORGANIZATIONNAME = "Miles Malin";
				TargetAttributes = {
					EBCB940023A7E9B7006C11C5 = {
						CreatedOnToolsVersion = 11.3;
					};
				};
			};
			buildConfigurationList = EBCB93FC23A7E9B7006C11C5 /* Build configuration list for PBXProject "json" */;
			compatibilityVersion = "Xcode 9.3";
			developmentRegion = en;
			hasScannedForEncodings = 0;
			knownRegions = (
				en,
				Base,
			);
			mainGroup = EBCB93F823A7E9B7006C11C5;
			productRefGroup = EBCB940223A7E9B7006C11C5 /* Products */;
			projectDirPath = "";
			projectRoot = "";
			targets = (
				EBCB940023A7E9B7006C11C5 /* json */,
			);
		};
/* End PBXProject section */

/* Begin PBXResourcesBuildPhase section */
		EBCB93FF23A7E9B7006C11C5 /* Resources */ = {
			isa = PBXResourcesBuildPhase;
			buildActionMask = 2147483647;
			files = (
				EBCB941123A7E9BB006C11C5 /* LaunchScreen.storyboard in Resources */,
				EBCB940E23A7E9BB006C11C5 /* Assets.xcassets in Resources */,
				EBCB940C23A7E9B8006C11C5 /* Main.storyboard in Resources */,
				EBCB941923A7EB88006C11C5 /* data.json in Resources */,
			);
			runOnlyForDeploymentPostprocessing = 0;
		};
/* End PBXResourcesBuildPhase section */

/* Begin PBXSourcesBuildPhase section */
		EBCB93FD23A7E9B7006C11C5 /* Sources */ = {
			isa = PBXSourcesBuildPhase;
			buildActionMask = 2147483647;
			files = (
				EBCB940923A7E9B8006C11C5 /* ViewController.swift in Sources */,
				EBCB940523A7E9B8006C11C5 /* AppDelegate.swift in Sources */,
				EBCB940723A7E9B8006C11C5 /* SceneDelegate.swift in Sources */,
			);
			runOnlyForDeploymentPostprocessing = 0;
		};
/* End PBXSourcesBuildPhase section */

/* Begin PBXVariantGroup section */
		EBCB940A23A7E9B8006C11C5 /* Main.storyboard */ = {
			isa = PBXVariantGroup;
			children = (
				EBCB940B23A7E9B8006C11C5 /* Base */,
			);
			name = Main.storyboard;
			sourceTree = "<group>";
		};
		EBCB940F23A7E9BB006C11C5 /* LaunchScreen.storyboard */ = {
			isa = PBXVariantGroup;
			children = (
				EBCB941023A7E9BB006C11C5 /* Base */,
			);
			name = LaunchScreen.storyboard;
			sourceTree = "<group>";
		};
/* End PBXVariantGroup section */

/* Begin XCBuildConfiguration section */
		EBCB941323A7E9BB006C11C5 /* Debug */ = {
			isa = XCBuildConfiguration;
			buildSettings = {
				ALWAYS_SEARCH_USER_PATHS = NO;
				CLANG_ANALYZER_NONNULL = YES;
				CLANG_ANALYZER_NUMBER_OBJECT_CONVERSION = YES_AGGRESSIVE;
				CLANG_CXX_LANGUAGE_STANDARD = "gnu++14";
				CLANG_CXX_LIBRARY = "libc++";
				CLANG_ENABLE_MODULES = YES;
				CLANG_ENABLE_OBJC_ARC = YES;
				CLANG_ENABLE_OBJC_WEAK = YES;
				CLANG_WARN_BLOCK_CAPTURE_AUTORELEASING = YES;
				CLANG_WARN_BOOL_CONVERSION = YES;
				CLANG_WARN_COMMA = YES;
				CLANG_WARN_CONSTANT_CONVERSION = YES;
				CLANG_WARN_DEPRECATED_OBJC_IMPLEMENTATIONS = YES;
				CLANG_WARN_DIRECT_OBJC_ISA_USAGE = YES_ERROR;
				CLANG_WARN_DOCUMENTATION_COMMENTS = YES;
				CLANG_WARN_EMPTY_BODY = YES;
				CLANG_WARN_ENUM_CONVERSION = YES;
				CLANG_WARN_INFINITE_RECURSION = YES;
				CLANG_WARN_INT_CONVERSION = YES;
				CLANG_WARN_NON_LITERAL_NULL_CONVERSION = YES;
				CLANG_WARN_OBJC_IMPLICIT_RETAIN_SELF = YES;
				CLANG_WARN_OBJC_LITERAL_CONVERSION = YES;
				CLANG_WARN_OBJC_ROOT_CLASS = YES_ERROR;
				CLANG_WARN_RANGE_LOOP_ANALYSIS = YES;
				CLANG_WARN_STRICT_PROTOTYPES = YES;
				CLANG_WARN_SUSPICIOUS_MOVE = YES;
				CLANG_WARN_UNGUARDED_AVAILABILITY = YES_AGGRESSIVE;
				CLANG_WARN_UNREACHABLE_CODE = YES;
				CLANG_WARN__DUPLICATE_METHOD_MATCH = YES;
				COPY_PHASE_STRIP = NO;
				DEBUG_INFORMATION_FORMAT = dwarf;
				ENABLE_STRICT_OBJC_MSGSEND = YES;
				ENABLE_TESTABILITY = YES;
				GCC_C_LANGUAGE_STANDARD = gnu11;
				GCC_DYNAMIC_NO_PIC = NO;
				GCC_NO_COMMON_BLOCKS = YES;
				GCC_OPTIMIZATION_LEVEL = 0;
				GCC_PREPROCESSOR_DEFINITIONS = (
					"DEBUG=1",
					"$(inherited)",
				);
				GCC_WARN_64_TO_32_BIT_CONVERSION = YES;
				GCC_WARN_ABOUT_RETURN_TYPE = YES_ERROR;
				GCC_WARN_UNDECLARED_SELECTOR = YES;
				GCC_WARN_UNINITIALIZED_AUTOS = YES_AGGRESSIVE;
				GCC_WARN_UNUSED_FUNCTION = YES;
				GCC_WARN_UNUSED_VARIABLE = YES;
				IPHONEOS_DEPLOYMENT_TARGET = 13.2;
				MTL_ENABLE_DEBUG_INFO = INCLUDE_SOURCE;
				MTL_FAST_MATH = YES;
				ONLY_ACTIVE_ARCH = YES;
				SDKROOT = iphoneos;
				SWIFT_ACTIVE_COMPILATION_CONDITIONS = DEBUG;
				SWIFT_OPTIMIZATION_LEVEL = "-Onone";
			};
			name = Debug;
		};
		EBCB941423A7E9BB006C11C5 /* Release */ = {
			isa = XCBuildConfiguration;
			buildSettings = {
				ALWAYS_SEARCH_USER_PATHS = NO;
				CLANG_ANALYZER_NONNULL = YES;
				CLANG_ANALYZER_NUMBER_OBJECT_CONVERSION = YES_AGGRESSIVE;
				CLANG_CXX_LANGUAGE_STANDARD = "gnu++14";
				CLANG_CXX_LIBRARY = "libc++";
				CLANG_ENABLE_MODULES = YES;
				CLANG_ENABLE_OBJC_ARC = YES;
				CLANG_ENABLE_OBJC_WEAK = YES;
				CLANG_WARN_BLOCK_CAPTURE_AUTORELEASING = YES;
				CLANG_WARN_BOOL_CONVERSION = YES;
				CLANG_WARN_COMMA = YES;
				CLANG_WARN_CONSTANT_CONVERSION = YES;
				CLANG_WARN_DEPRECATED_OBJC_IMPLEMENTATIONS = YES;
				CLANG_WARN_DIRECT_OBJC_ISA_USAGE = YES_ERROR;
				CLANG_WARN_DOCUMENTATION_COMMENTS = YES;
				CLANG_WARN_EMPTY_BODY = YES;
				CLANG_WARN_ENUM_CONVERSION = YES;
				CLANG_WARN_INFINITE_RECURSION = YES;
				CLANG_WARN_INT_CONVERSION = YES;
				CLANG_WARN_NON_LITERAL_NULL_CONVERSION = YES;
				CLANG_WARN_OBJC_IMPLICIT_RETAIN_SELF = YES;
				CLANG_WARN_OBJC_LITERAL_CONVERSION = YES;
				CLANG_WARN_OBJC_ROOT_CLASS = YES_ERROR;
				CLANG_WARN_RANGE_LOOP_ANALYSIS = YES;
				CLANG_WARN_STRICT_PROTOTYPES = YES;
				CLANG_WARN_SUSPICIOUS_MOVE = YES;
				CLANG_WARN_UNGUARDED_AVAILABILITY = YES_AGGRESSIVE;
				CLANG_WARN_UNREACHABLE_CODE = YES;
				CLANG_WARN__DUPLICATE_METHOD_MATCH = YES;
				COPY_PHASE_STRIP = NO;
				DEBUG_INFORMATION_FORMAT = "dwarf-with-dsym";
				ENABLE_NS_ASSERTIONS = NO;
				ENABLE_STRICT_OBJC_MSGSEND = YES;
				GCC_C_LANGUAGE_STANDARD = gnu11;
				GCC_NO_COMMON_BLOCKS = YES;
				GCC_WARN_64_TO_32_BIT_CONVERSION = YES;
				GCC_WARN_ABOUT_RETURN_TYPE = YES_ERROR;
				GCC_WARN_UNDECLARED_SELECTOR = YES;
				GCC_WARN_UNINITIALIZED_AUTOS = YES_AGGRESSIVE;
				GCC_WARN_UNUSED_FUNCTION = YES;
				GCC_WARN_UNUSED_VARIABLE = YES;
				IPHONEOS_DEPLOYMENT_TARGET = 13.2;
				MTL_ENABLE_DEBUG_INFO = NO;
				MTL_FAST_MATH = YES;
				SDKROOT = iphoneos;
				SWIFT_COMPILATION_MODE = wholemodule;
				SWIFT_OPTIMIZATION_LEVEL = "-O";
				VALIDATE_PRODUCT = YES;
			};
			name = Release;
		};
		EBCB941623A7E9BB006C11C5 /* Debug */ = {
			isa = XCBuildConfiguration;
			buildSettings = {
				ASSETCATALOG_COMPILER_APPICON_NAME = AppIcon;
				CODE_SIGN_STYLE = Automatic;
				INFOPLIST_FILE = json/Info.plist;
				LD_RUNPATH_SEARCH_PATHS = (
					"$(inherited)",
					"@executable_path/Frameworks",
				);
				PRODUCT_BUNDLE_IDENTIFIER = com.milesmalin.json;
				PRODUCT_NAME = "$(TARGET_NAME)";
				SWIFT_VERSION = 5.0;
				TARGETED_DEVICE_FAMILY = "1,2";
			};
			name = Debug;
		};
		EBCB941723A7E9BB006C11C5 /* Release */ = {
			isa = XCBuildConfiguration;
			buildSettings = {
				ASSETCATALOG_COMPILER_APPICON_NAME = AppIcon;
				CODE_SIGN_STYLE = Automatic;
				INFOPLIST_FILE = json/Info.plist;
				LD_RUNPATH_SEARCH_PATHS = (
					"$(inherited)",
					"@executable_path/Frameworks",
				);
				PRODUCT_BUNDLE_IDENTIFIER = com.milesmalin.json;
				PRODUCT_NAME = "$(TARGET_NAME)";
				SWIFT_VERSION = 5.0;
				TARGETED_DEVICE_FAMILY = "1,2";
			};
			name = Release;
		};
/* End XCBuildConfiguration section */

/* Begin XCConfigurationList section */
		EBCB93FC23A7E9B7006C11C5 /* Build configuration list for PBXProject "json" */ = {
			isa = XCConfigurationList;
			buildConfigurations = (
				EBCB941323A7E9BB006C11C5 /* Debug */,
				EBCB941423A7E9BB006C11C5 /* Release */,
			);
			defaultConfigurationIsVisible = 0;
			defaultConfigurationName = Release;
		};
		EBCB941523A7E9BB006C11C5 /* Build configuration list for PBXNativeTarget "json" */ = {
			isa = XCConfigurationList;
			buildConfigurations = (
				EBCB941623A7E9BB006C11C5 /* Debug */,
				EBCB941723A7E9BB006C11C5 /* Release */,
			);
			defaultConfigurationIsVisible = 0;
			defaultConfigurationName = Release;
		};
/* End XCConfigurationList section */
	};
	rootObject = EBCB93F923A7E9B7006C11C5 /* Project object */;
}
