// !$*UTF8*$!
{
	archiveVersion = 1;
	classes = {
	};
	objectVersion = 50;
	objects = {

/* Begin PBXBuildFile section */
		EBE6800823F30DB900F24494 /* AppDelegate.swift in Sources */ = {isa = PBXBuildFile; fileRef = EBE6800723F30DB900F24494 /* AppDelegate.swift */; };
		EBE6800A23F30DB900F24494 /* SceneDelegate.swift in Sources */ = {isa = PBXBuildFile; fileRef = EBE6800923F30DB900F24494 /* SceneDelegate.swift */; };
		EBE6800C23F30DB900F24494 /* ViewController.swift in Sources */ = {isa = PBXBuildFile; fileRef = EBE6800B23F30DB900F24494 /* ViewController.swift */; };
		EBE6800F23F30DB900F24494 /* Main.storyboard in Resources */ = {isa = PBXBuildFile; fileRef = EBE6800D23F30DB900F24494 /* Main.storyboard */; };
		EBE6801123F30DBD00F24494 /* Assets.xcassets in Resources */ = {isa = PBXBuildFile; fileRef = EBE6801023F30DBD00F24494 /* Assets.xcassets */; };
		EBE6801423F30DBD00F24494 /* LaunchScreen.storyboard in Resources */ = {isa = PBXBuildFile; fileRef = EBE6801223F30DBD00F24494 /* LaunchScreen.storyboard */; };
		EBE6801C23F3111800F24494 /* NamedButton.swift in Sources */ = {isa = PBXBuildFile; fileRef = EBE6801B23F3111800F24494 /* NamedButton.swift */; };
/* End PBXBuildFile section */

/* Begin PBXFileReference section */
		EBE6800423F30DB900F24494 /* FunButton.app */ = {isa = PBXFileReference; explicitFileType = wrapper.application; includeInIndex = 0; path = FunButton.app; sourceTree = BUILT_PRODUCTS_DIR; };
		EBE6800723F30DB900F24494 /* AppDelegate.swift */ = {isa = PBXFileReference; lastKnownFileType = sourcecode.swift; path = AppDelegate.swift; sourceTree = "<group>"; };
		EBE6800923F30DB900F24494 /* SceneDelegate.swift */ = {isa = PBXFileReference; lastKnownFileType = sourcecode.swift; path = SceneDelegate.swift; sourceTree = "<group>"; };
		EBE6800B23F30DB900F24494 /* ViewController.swift */ = {isa = PBXFileReference; lastKnownFileType = sourcecode.swift; path = ViewController.swift; sourceTree = "<group>"; };
		EBE6800E23F30DB900F24494 /* Base */ = {isa = PBXFileReference; lastKnownFileType = file.storyboard; name = Base; path = Base.lproj/Main.storyboard; sourceTree = "<group>"; };
		EBE6801023F30DBD00F24494 /* Assets.xcassets */ = {isa = PBXFileReference; lastKnownFileType = folder.assetcatalog; path = Assets.xcassets; sourceTree = "<group>"; };
		EBE6801323F30DBD00F24494 /* Base */ = {isa = PBXFileReference; lastKnownFileType = file.storyboard; name = Base; path = Base.lproj/LaunchScreen.storyboard; sourceTree = "<group>"; };
		EBE6801523F30DBD00F24494 /* Info.plist */ = {isa = PBXFileReference; lastKnownFileType = text.plist.xml; path = Info.plist; sourceTree = "<group>"; };
		EBE6801B23F3111800F24494 /* NamedButton.swift */ = {isa = PBXFileReference; lastKnownFileType = sourcecode.swift; path = NamedButton.swift; sourceTree = "<group>"; };
/* End PBXFileReference section */

/* Begin PBXFrameworksBuildPhase section */
		EBE6800123F30DB900F24494 /* Frameworks */ = {
			isa = PBXFrameworksBuildPhase;
			buildActionMask = 2147483647;
			files = (
			);
			runOnlyForDeploymentPostprocessing = 0;
		};
/* End PBXFrameworksBuildPhase section */

/* Begin PBXGroup section */
		EBE67FFB23F30DB900F24494 = {
			isa = PBXGroup;
			children = (
				EBE6800623F30DB900F24494 /* FunButton */,
				EBE6800523F30DB900F24494 /* Products */,
			);
			sourceTree = "<group>";
		};
		EBE6800523F30DB900F24494 /* Products */ = {
			isa = PBXGroup;
			children = (
				EBE6800423F30DB900F24494 /* FunButton.app */,
			);
			name = Products;
			sourceTree = "<group>";
		};
		EBE6800623F30DB900F24494 /* FunButton */ = {
			isa = PBXGroup;
			children = (
				EBE6800723F30DB900F24494 /* AppDelegate.swift */,
				EBE6800923F30DB900F24494 /* SceneDelegate.swift */,
				EBE6800B23F30DB900F24494 /* ViewController.swift */,
				EBE6800D23F30DB900F24494 /* Main.storyboard */,
				EBE6801B23F3111800F24494 /* NamedButton.swift */,
				EBE6801023F30DBD00F24494 /* Assets.xcassets */,
				EBE6801223F30DBD00F24494 /* LaunchScreen.storyboard */,
				EBE6801523F30DBD00F24494 /* Info.plist */,
			);
			path = FunButton;
			sourceTree = "<group>";
		};
/* End PBXGroup section */

/* Begin PBXNativeTarget section */
		EBE6800323F30DB900F24494 /* FunButton */ = {
			isa = PBXNativeTarget;
			buildConfigurationList = EBE6801823F30DBD00F24494 /* Build configuration list for PBXNativeTarget "FunButton" */;
			buildPhases = (
				EBE6800023F30DB900F24494 /* Sources */,
				EBE6800123F30DB900F24494 /* Frameworks */,
				EBE6800223F30DB900F24494 /* Resources */,
			);
			buildRules = (
			);
			dependencies = (
			);
			name = FunButton;
			productName = FunButton;
			productReference = EBE6800423F30DB900F24494 /* FunButton.app */;
			productType = "com.apple.product-type.application";
		};
/* End PBXNativeTarget section */

/* Begin PBXProject section */
		EBE67FFC23F30DB900F24494 /* Project object */ = {
			isa = PBXProject;
			attributes = {
				LastSwiftUpdateCheck = 1130;
				LastUpgradeCheck = 1130;
				ORGANIZATIONNAME = "Miles Malin";
				TargetAttributes = {
					EBE6800323F30DB900F24494 = {
						CreatedOnToolsVersion = 11.3.1;
					};
				};
			};
			buildConfigurationList = EBE67FFF23F30DB900F24494 /* Build configuration list for PBXProject "FunButton" */;
			compatibilityVersion = "Xcode 9.3";
			developmentRegion = en;
			hasScannedForEncodings = 0;
			knownRegions = (
				en,
				Base,
			);
			mainGroup = EBE67FFB23F30DB900F24494;
			productRefGroup = EBE6800523F30DB900F24494 /* Products */;
			projectDirPath = "";
			projectRoot = "";
			targets = (
				EBE6800323F30DB900F24494 /* FunButton */,
			);
		};
/* End PBXProject section */

/* Begin PBXResourcesBuildPhase section */
		EBE6800223F30DB900F24494 /* Resources */ = {
			isa = PBXResourcesBuildPhase;
			buildActionMask = 2147483647;
			files = (
				EBE6801423F30DBD00F24494 /* LaunchScreen.storyboard in Resources */,
				EBE6801123F30DBD00F24494 /* Assets.xcassets in Resources */,
				EBE6800F23F30DB900F24494 /* Main.storyboard in Resources */,
			);
			runOnlyForDeploymentPostprocessing = 0;
		};
/* End PBXResourcesBuildPhase section */

/* Begin PBXSourcesBuildPhase section */
		EBE6800023F30DB900F24494 /* Sources */ = {
			isa = PBXSourcesBuildPhase;
			buildActionMask = 2147483647;
			files = (
				EBE6800C23F30DB900F24494 /* ViewController.swift in Sources */,
				EBE6801C23F3111800F24494 /* NamedButton.swift in Sources */,
				EBE6800823F30DB900F24494 /* AppDelegate.swift in Sources */,
				EBE6800A23F30DB900F24494 /* SceneDelegate.swift in Sources */,
			);
			runOnlyForDeploymentPostprocessing = 0;
		};
/* End PBXSourcesBuildPhase section */

/* Begin PBXVariantGroup section */
		EBE6800D23F30DB900F24494 /* Main.storyboard */ = {
			isa = PBXVariantGroup;
			children = (
				EBE6800E23F30DB900F24494 /* Base */,
			);
			name = Main.storyboard;
			sourceTree = "<group>";
		};
		EBE6801223F30DBD00F24494 /* LaunchScreen.storyboard */ = {
			isa = PBXVariantGroup;
			children = (
				EBE6801323F30DBD00F24494 /* Base */,
			);
			name = LaunchScreen.storyboard;
			sourceTree = "<group>";
		};
/* End PBXVariantGroup section */

/* Begin XCBuildConfiguration section */
		EBE6801623F30DBD00F24494 /* Debug */ = {
			isa = XCBuildConfiguration;
			buildSettings = {
				ALWAYS_SEARCH_USER_PATHS = NO;
				CLANG_ANALYZER_NONNULL = YES;
				CLANG_ANALYZER_NUMBER_OBJECT_CONVERSION = YES_AGGRESSIVE;
				CLANG_CXX_LANGUAGE_STANDARD = "gnu++14";
				CLANG_CXX_LIBRARY = "libc++";
				CLANG_ENABLE_MODULES = YES;
				CLANG_ENABLE_OBJC_ARC = YES;
				CLANG_ENABLE_OBJC_WEAK = YES;
				CLANG_WARN_BLOCK_CAPTURE_AUTORELEASING = YES;
				CLANG_WARN_BOOL_CONVERSION = YES;
				CLANG_WARN_COMMA = YES;
				CLANG_WARN_CONSTANT_CONVERSION = YES;
				CLANG_WARN_DEPRECATED_OBJC_IMPLEMENTATIONS = YES;
				CLANG_WARN_DIRECT_OBJC_ISA_USAGE = YES_ERROR;
				CLANG_WARN_DOCUMENTATION_COMMENTS = YES;
				CLANG_WARN_EMPTY_BODY = YES;
				CLANG_WARN_ENUM_CONVERSION = YES;
				CLANG_WARN_INFINITE_RECURSION = YES;
				CLANG_WARN_INT_CONVERSION = YES;
				CLANG_WARN_NON_LITERAL_NULL_CONVERSION = YES;
				CLANG_WARN_OBJC_IMPLICIT_RETAIN_SELF = YES;
				CLANG_WARN_OBJC_LITERAL_CONVERSION = YES;
				CLANG_WARN_OBJC_ROOT_CLASS = YES_ERROR;
				CLANG_WARN_RANGE_LOOP_ANALYSIS = YES;
				CLANG_WARN_STRICT_PROTOTYPES = YES;
				CLANG_WARN_SUSPICIOUS_MOVE = YES;
				CLANG_WARN_UNGUARDED_AVAILABILITY = YES_AGGRESSIVE;
				CLANG_WARN_UNREACHABLE_CODE = YES;
				CLANG_WARN__DUPLICATE_METHOD_MATCH = YES;
				COPY_PHASE_STRIP = NO;
				DEBUG_INFORMATION_FORMAT = dwarf;
				ENABLE_STRICT_OBJC_MSGSEND = YES;
				ENABLE_TESTABILITY = YES;
				GCC_C_LANGUAGE_STANDARD = gnu11;
				GCC_DYNAMIC_NO_PIC = NO;
				GCC_NO_COMMON_BLOCKS = YES;
				GCC_OPTIMIZATION_LEVEL = 0;
				GCC_PREPROCESSOR_DEFINITIONS = (
					"DEBUG=1",
					"$(inherited)",
				);
				GCC_WARN_64_TO_32_BIT_CONVERSION = YES;
				GCC_WARN_ABOUT_RETURN_TYPE = YES_ERROR;
				GCC_WARN_UNDECLARED_SELECTOR = YES;
				GCC_WARN_UNINITIALIZED_AUTOS = YES_AGGRESSIVE;
				GCC_WARN_UNUSED_FUNCTION = YES;
				GCC_WARN_UNUSED_VARIABLE = YES;
				IPHONEOS_DEPLOYMENT_TARGET = 13.2;
				MTL_ENABLE_DEBUG_INFO = INCLUDE_SOURCE;
				MTL_FAST_MATH = YES;
				ONLY_ACTIVE_ARCH = YES;
				SDKROOT = iphoneos;
				SWIFT_ACTIVE_COMPILATION_CONDITIONS = DEBUG;
				SWIFT_OPTIMIZATION_LEVEL = "-Onone";
			};
			name = Debug;
		};
		EBE6801723F30DBD00F24494 /* Release */ = {
			isa = XCBuildConfiguration;
			buildSettings = {
				ALWAYS_SEARCH_USER_PATHS = NO;
				CLANG_ANALYZER_NONNULL = YES;
				CLANG_ANALYZER_NUMBER_OBJECT_CONVERSION = YES_AGGRESSIVE;
				CLANG_CXX_LANGUAGE_STANDARD = "gnu++14";
				CLANG_CXX_LIBRARY = "libc++";
				CLANG_ENABLE_MODULES = YES;
				CLANG_ENABLE_OBJC_ARC = YES;
				CLANG_ENABLE_OBJC_WEAK = YES;
				CLANG_WARN_BLOCK_CAPTURE_AUTORELEASING = YES;
				CLANG_WARN_BOOL_CONVERSION = YES;
				CLANG_WARN_COMMA = YES;
				CLANG_WARN_CONSTANT_CONVERSION = YES;
				CLANG_WARN_DEPRECATED_OBJC_IMPLEMENTATIONS = YES;
				CLANG_WARN_DIRECT_OBJC_ISA_USAGE = YES_ERROR;
				CLANG_WARN_DOCUMENTATION_COMMENTS = YES;
				CLANG_WARN_EMPTY_BODY = YES;
				CLANG_WARN_ENUM_CONVERSION = YES;
				CLANG_WARN_INFINITE_RECURSION = YES;
				CLANG_WARN_INT_CONVERSION = YES;
				CLANG_WARN_NON_LITERAL_NULL_CONVERSION = YES;
				CLANG_WARN_OBJC_IMPLICIT_RETAIN_SELF = YES;
				CLANG_WARN_OBJC_LITERAL_CONVERSION = YES;
				CLANG_WARN_OBJC_ROOT_CLASS = YES_ERROR;
				CLANG_WARN_RANGE_LOOP_ANALYSIS = YES;
				CLANG_WARN_STRICT_PROTOTYPES = YES;
				CLANG_WARN_SUSPICIOUS_MOVE = YES;
				CLANG_WARN_UNGUARDED_AVAILABILITY = YES_AGGRESSIVE;
				CLANG_WARN_UNREACHABLE_CODE = YES;
				CLANG_WARN__DUPLICATE_METHOD_MATCH = YES;
				COPY_PHASE_STRIP = NO;
				DEBUG_INFORMATION_FORMAT = "dwarf-with-dsym";
				ENABLE_NS_ASSERTIONS = NO;
				ENABLE_STRICT_OBJC_MSGSEND = YES;
				GCC_C_LANGUAGE_STANDARD = gnu11;
				GCC_NO_COMMON_BLOCKS = YES;
				GCC_WARN_64_TO_32_BIT_CONVERSION = YES;
				GCC_WARN_ABOUT_RETURN_TYPE = YES_ERROR;
				GCC_WARN_UNDECLARED_SELECTOR = YES;
				GCC_WARN_UNINITIALIZED_AUTOS = YES_AGGRESSIVE;
				GCC_WARN_UNUSED_FUNCTION = YES;
				GCC_WARN_UNUSED_VARIABLE = YES;
				IPHONEOS_DEPLOYMENT_TARGET = 13.2;
				MTL_ENABLE_DEBUG_INFO = NO;
				MTL_FAST_MATH = YES;
				SDKROOT = iphoneos;
				SWIFT_COMPILATION_MODE = wholemodule;
				SWIFT_OPTIMIZATION_LEVEL = "-O";
				VALIDATE_PRODUCT = YES;
			};
			name = Release;
		};
		EBE6801923F30DBD00F24494 /* Debug */ = {
			isa = XCBuildConfiguration;
			buildSettings = {
				ASSETCATALOG_COMPILER_APPICON_NAME = AppIcon;
				CODE_SIGN_STYLE = Automatic;
				INFOPLIST_FILE = FunButton/Info.plist;
				LD_RUNPATH_SEARCH_PATHS = (
					"$(inherited)",
					"@executable_path/Frameworks",
				);
				PRODUCT_BUNDLE_IDENTIFIER = com.milesmalin.FunButton;
				PRODUCT_NAME = "$(TARGET_NAME)";
				SWIFT_VERSION = 5.0;
				TARGETED_DEVICE_FAMILY = "1,2";
			};
			name = Debug;
		};
		EBE6801A23F30DBD00F24494 /* Release */ = {
			isa = XCBuildConfiguration;
			buildSettings = {
				ASSETCATALOG_COMPILER_APPICON_NAME = AppIcon;
				CODE_SIGN_STYLE = Automatic;
				INFOPLIST_FILE = FunButton/Info.plist;
				LD_RUNPATH_SEARCH_PATHS = (
					"$(inherited)",
					"@executable_path/Frameworks",
				);
				PRODUCT_BUNDLE_IDENTIFIER = com.milesmalin.FunButton;
				PRODUCT_NAME = "$(TARGET_NAME)";
				SWIFT_VERSION = 5.0;
				TARGETED_DEVICE_FAMILY = "1,2";
			};
			name = Release;
		};
/* End XCBuildConfiguration section */

/* Begin XCConfigurationList section */
		EBE67FFF23F30DB900F24494 /* Build configuration list for PBXProject "FunButton" */ = {
			isa = XCConfigurationList;
			buildConfigurations = (
				EBE6801623F30DBD00F24494 /* Debug */,
				EBE6801723F30DBD00F24494 /* Release */,
			);
			defaultConfigurationIsVisible = 0;
			defaultConfigurationName = Release;
		};
		EBE6801823F30DBD00F24494 /* Build configuration list for PBXNativeTarget "FunButton" */ = {
			isa = XCConfigurationList;
			buildConfigurations = (
				EBE6801923F30DBD00F24494 /* Debug */,
				EBE6801A23F30DBD00F24494 /* Release */,
			);
			defaultConfigurationIsVisible = 0;
			defaultConfigurationName = Release;
		};
/* End XCConfigurationList section */
	};
	rootObject = EBE67FFC23F30DB900F24494 /* Project object */;
}
