// !$*UTF8*$!
{
	archiveVersion = 1;
	classes = {
	};
	objectVersion = 50;
	objects = {

/* Begin PBXBuildFile section */
		EBEC9B14233E6F4C0031080C /* AppDelegate.swift in Sources */ = {isa = PBXBuildFile; fileRef = EBEC9B13233E6F4C0031080C /* AppDelegate.swift */; };
		EBEC9B16233E6F4C0031080C /* SceneDelegate.swift in Sources */ = {isa = PBXBuildFile; fileRef = EBEC9B15233E6F4C0031080C /* SceneDelegate.swift */; };
		EBEC9B18233E6F4C0031080C /* ViewController.swift in Sources */ = {isa = PBXBuildFile; fileRef = EBEC9B17233E6F4C0031080C /* ViewController.swift */; };
		EBEC9B1B233E6F4C0031080C /* Main.storyboard in Resources */ = {isa = PBXBuildFile; fileRef = EBEC9B19233E6F4C0031080C /* Main.storyboard */; };
		EBEC9B1D233E6F540031080C /* Assets.xcassets in Resources */ = {isa = PBXBuildFile; fileRef = EBEC9B1C233E6F540031080C /* Assets.xcassets */; };
		EBEC9B20233E6F540031080C /* LaunchScreen.storyboard in Resources */ = {isa = PBXBuildFile; fileRef = EBEC9B1E233E6F540031080C /* LaunchScreen.storyboard */; };
/* End PBXBuildFile section */

/* Begin PBXFileReference section */
		EBEC9B10233E6F4C0031080C /* chooseYourOwnAdventure.app */ = {isa = PBXFileReference; explicitFileType = wrapper.application; includeInIndex = 0; path = chooseYourOwnAdventure.app; sourceTree = BUILT_PRODUCTS_DIR; };
		EBEC9B13233E6F4C0031080C /* AppDelegate.swift */ = {isa = PBXFileReference; lastKnownFileType = sourcecode.swift; path = AppDelegate.swift; sourceTree = "<group>"; };
		EBEC9B15233E6F4C0031080C /* SceneDelegate.swift */ = {isa = PBXFileReference; lastKnownFileType = sourcecode.swift; path = SceneDelegate.swift; sourceTree = "<group>"; };
		EBEC9B17233E6F4C0031080C /* ViewController.swift */ = {isa = PBXFileReference; lastKnownFileType = sourcecode.swift; path = ViewController.swift; sourceTree = "<group>"; };
		EBEC9B1A233E6F4C0031080C /* Base */ = {isa = PBXFileReference; lastKnownFileType = file.storyboard; name = Base; path = Base.lproj/Main.storyboard; sourceTree = "<group>"; };
		EBEC9B1C233E6F540031080C /* Assets.xcassets */ = {isa = PBXFileReference; lastKnownFileType = folder.assetcatalog; path = Assets.xcassets; sourceTree = "<group>"; };
		EBEC9B1F233E6F540031080C /* Base */ = {isa = PBXFileReference; lastKnownFileType = file.storyboard; name = Base; path = Base.lproj/LaunchScreen.storyboard; sourceTree = "<group>"; };
		EBEC9B21233E6F540031080C /* Info.plist */ = {isa = PBXFileReference; lastKnownFileType = text.plist.xml; path = Info.plist; sourceTree = "<group>"; };
/* End PBXFileReference section */

/* Begin PBXFrameworksBuildPhase section */
		EBEC9B0D233E6F4C0031080C /* Frameworks */ = {
			isa = PBXFrameworksBuildPhase;
			buildActionMask = 2147483647;
			files = (
			);
			runOnlyForDeploymentPostprocessing = 0;
		};
/* End PBXFrameworksBuildPhase section */

/* Begin PBXGroup section */
		EBEC9B07233E6F4B0031080C = {
			isa = PBXGroup;
			children = (
				EBEC9B12233E6F4C0031080C /* chooseYourOwnAdventure */,
				EBEC9B11233E6F4C0031080C /* Products */,
			);
			sourceTree = "<group>";
		};
		EBEC9B11233E6F4C0031080C /* Products */ = {
			isa = PBXGroup;
			children = (
				EBEC9B10233E6F4C0031080C /* chooseYourOwnAdventure.app */,
			);
			name = Products;
			sourceTree = "<group>";
		};
		EBEC9B12233E6F4C0031080C /* chooseYourOwnAdventure */ = {
			isa = PBXGroup;
			children = (
				EBEC9B13233E6F4C0031080C /* AppDelegate.swift */,
				EBEC9B15233E6F4C0031080C /* SceneDelegate.swift */,
				EBEC9B17233E6F4C0031080C /* ViewController.swift */,
				EBEC9B19233E6F4C0031080C /* Main.storyboard */,
				EBEC9B1C233E6F540031080C /* Assets.xcassets */,
				EBEC9B1E233E6F540031080C /* LaunchScreen.storyboard */,
				EBEC9B21233E6F540031080C /* Info.plist */,
			);
			path = chooseYourOwnAdventure;
			sourceTree = "<group>";
		};
/* End PBXGroup section */

/* Begin PBXNativeTarget section */
		EBEC9B0F233E6F4C0031080C /* chooseYourOwnAdventure */ = {
			isa = PBXNativeTarget;
			buildConfigurationList = EBEC9B24233E6F540031080C /* Build configuration list for PBXNativeTarget "chooseYourOwnAdventure" */;
			buildPhases = (
				EBEC9B0C233E6F4C0031080C /* Sources */,
				EBEC9B0D233E6F4C0031080C /* Frameworks */,
				EBEC9B0E233E6F4C0031080C /* Resources */,
			);
			buildRules = (
			);
			dependencies = (
			);
			name = chooseYourOwnAdventure;
			productName = chooseYourOwnAdventure;
			productReference = EBEC9B10233E6F4C0031080C /* chooseYourOwnAdventure.app */;
			productType = "com.apple.product-type.application";
		};
/* End PBXNativeTarget section */

/* Begin PBXProject section */
		EBEC9B08233E6F4B0031080C /* Project object */ = {
			isa = PBXProject;
			attributes = {
				LastSwiftUpdateCheck = 1100;
				LastUpgradeCheck = 1100;
				ORGANIZATIONNAME = "Miles Malin";
				TargetAttributes = {
					EBEC9B0F233E6F4C0031080C = {
						CreatedOnToolsVersion = 11.0;
					};
				};
			};
			buildConfigurationList = EBEC9B0B233E6F4B0031080C /* Build configuration list for PBXProject "chooseYourOwnAdventure" */;
			compatibilityVersion = "Xcode 9.3";
			developmentRegion = en;
			hasScannedForEncodings = 0;
			knownRegions = (
				en,
				Base,
			);
			mainGroup = EBEC9B07233E6F4B0031080C;
			productRefGroup = EBEC9B11233E6F4C0031080C /* Products */;
			projectDirPath = "";
			projectRoot = "";
			targets = (
				EBEC9B0F233E6F4C0031080C /* chooseYourOwnAdventure */,
			);
		};
/* End PBXProject section */

/* Begin PBXResourcesBuildPhase section */
		EBEC9B0E233E6F4C0031080C /* Resources */ = {
			isa = PBXResourcesBuildPhase;
			buildActionMask = 2147483647;
			files = (
				EBEC9B20233E6F540031080C /* LaunchScreen.storyboard in Resources */,
				EBEC9B1D233E6F540031080C /* Assets.xcassets in Resources */,
				EBEC9B1B233E6F4C0031080C /* Main.storyboard in Resources */,
			);
			runOnlyForDeploymentPostprocessing = 0;
		};
/* End PBXResourcesBuildPhase section */

/* Begin PBXSourcesBuildPhase section */
		EBEC9B0C233E6F4C0031080C /* Sources */ = {
			isa = PBXSourcesBuildPhase;
			buildActionMask = 2147483647;
			files = (
				EBEC9B18233E6F4C0031080C /* ViewController.swift in Sources */,
				EBEC9B14233E6F4C0031080C /* AppDelegate.swift in Sources */,
				EBEC9B16233E6F4C0031080C /* SceneDelegate.swift in Sources */,
			);
			runOnlyForDeploymentPostprocessing = 0;
		};
/* End PBXSourcesBuildPhase section */

/* Begin PBXVariantGroup section */
		EBEC9B19233E6F4C0031080C /* Main.storyboard */ = {
			isa = PBXVariantGroup;
			children = (
				EBEC9B1A233E6F4C0031080C /* Base */,
			);
			name = Main.storyboard;
			sourceTree = "<group>";
		};
		EBEC9B1E233E6F540031080C /* LaunchScreen.storyboard */ = {
			isa = PBXVariantGroup;
			children = (
				EBEC9B1F233E6F540031080C /* Base */,
			);
			name = LaunchScreen.storyboard;
			sourceTree = "<group>";
		};
/* End PBXVariantGroup section */

/* Begin XCBuildConfiguration section */
		EBEC9B22233E6F540031080C /* Debug */ = {
			isa = XCBuildConfiguration;
			buildSettings = {
				ALWAYS_SEARCH_USER_PATHS = NO;
				CLANG_ANALYZER_NONNULL = YES;
				CLANG_ANALYZER_NUMBER_OBJECT_CONVERSION = YES_AGGRESSIVE;
				CLANG_CXX_LANGUAGE_STANDARD = "gnu++14";
				CLANG_CXX_LIBRARY = "libc++";
				CLANG_ENABLE_MODULES = YES;
				CLANG_ENABLE_OBJC_ARC = YES;
				CLANG_ENABLE_OBJC_WEAK = YES;
				CLANG_WARN_BLOCK_CAPTURE_AUTORELEASING = YES;
				CLANG_WARN_BOOL_CONVERSION = YES;
				CLANG_WARN_COMMA = YES;
				CLANG_WARN_CONSTANT_CONVERSION = YES;
				CLANG_WARN_DEPRECATED_OBJC_IMPLEMENTATIONS = YES;
				CLANG_WARN_DIRECT_OBJC_ISA_USAGE = YES_ERROR;
				CLANG_WARN_DOCUMENTATION_COMMENTS = YES;
				CLANG_WARN_EMPTY_BODY = YES;
				CLANG_WARN_ENUM_CONVERSION = YES;
				CLANG_WARN_INFINITE_RECURSION = YES;
				CLANG_WARN_INT_CONVERSION = YES;
				CLANG_WARN_NON_LITERAL_NULL_CONVERSION = YES;
				CLANG_WARN_OBJC_IMPLICIT_RETAIN_SELF = YES;
				CLANG_WARN_OBJC_LITERAL_CONVERSION = YES;
				CLANG_WARN_OBJC_ROOT_CLASS = YES_ERROR;
				CLANG_WARN_RANGE_LOOP_ANALYSIS = YES;
				CLANG_WARN_STRICT_PROTOTYPES = YES;
				CLANG_WARN_SUSPICIOUS_MOVE = YES;
				CLANG_WARN_UNGUARDED_AVAILABILITY = YES_AGGRESSIVE;
				CLANG_WARN_UNREACHABLE_CODE = YES;
				CLANG_WARN__DUPLICATE_METHOD_MATCH = YES;
				COPY_PHASE_STRIP = NO;
				DEBUG_INFORMATION_FORMAT = dwarf;
				ENABLE_STRICT_OBJC_MSGSEND = YES;
				ENABLE_TESTABILITY = YES;
				GCC_C_LANGUAGE_STANDARD = gnu11;
				GCC_DYNAMIC_NO_PIC = NO;
				GCC_NO_COMMON_BLOCKS = YES;
				GCC_OPTIMIZATION_LEVEL = 0;
				GCC_PREPROCESSOR_DEFINITIONS = (
					"DEBUG=1",
					"$(inherited)",
				);
				GCC_WARN_64_TO_32_BIT_CONVERSION = YES;
				GCC_WARN_ABOUT_RETURN_TYPE = YES_ERROR;
				GCC_WARN_UNDECLARED_SELECTOR = YES;
				GCC_WARN_UNINITIALIZED_AUTOS = YES_AGGRESSIVE;
				GCC_WARN_UNUSED_FUNCTION = YES;
				GCC_WARN_UNUSED_VARIABLE = YES;
				IPHONEOS_DEPLOYMENT_TARGET = 13.0;
				MTL_ENABLE_DEBUG_INFO = INCLUDE_SOURCE;
				MTL_FAST_MATH = YES;
				ONLY_ACTIVE_ARCH = YES;
				SDKROOT = iphoneos;
				SWIFT_ACTIVE_COMPILATION_CONDITIONS = DEBUG;
				SWIFT_OPTIMIZATION_LEVEL = "-Onone";
			};
			name = Debug;
		};
		EBEC9B23233E6F540031080C /* Release */ = {
			isa = XCBuildConfiguration;
			buildSettings = {
				ALWAYS_SEARCH_USER_PATHS = NO;
				CLANG_ANALYZER_NONNULL = YES;
				CLANG_ANALYZER_NUMBER_OBJECT_CONVERSION = YES_AGGRESSIVE;
				CLANG_CXX_LANGUAGE_STANDARD = "gnu++14";
				CLANG_CXX_LIBRARY = "libc++";
				CLANG_ENABLE_MODULES = YES;
				CLANG_ENABLE_OBJC_ARC = YES;
				CLANG_ENABLE_OBJC_WEAK = YES;
				CLANG_WARN_BLOCK_CAPTURE_AUTORELEASING = YES;
				CLANG_WARN_BOOL_CONVERSION = YES;
				CLANG_WARN_COMMA = YES;
				CLANG_WARN_CONSTANT_CONVERSION = YES;
				CLANG_WARN_DEPRECATED_OBJC_IMPLEMENTATIONS = YES;
				CLANG_WARN_DIRECT_OBJC_ISA_USAGE = YES_ERROR;
				CLANG_WARN_DOCUMENTATION_COMMENTS = YES;
				CLANG_WARN_EMPTY_BODY = YES;
				CLANG_WARN_ENUM_CONVERSION = YES;
				CLANG_WARN_INFINITE_RECURSION = YES;
				CLANG_WARN_INT_CONVERSION = YES;
				CLANG_WARN_NON_LITERAL_NULL_CONVERSION = YES;
				CLANG_WARN_OBJC_IMPLICIT_RETAIN_SELF = YES;
				CLANG_WARN_OBJC_LITERAL_CONVERSION = YES;
				CLANG_WARN_OBJC_ROOT_CLASS = YES_ERROR;
				CLANG_WARN_RANGE_LOOP_ANALYSIS = YES;
				CLANG_WARN_STRICT_PROTOTYPES = YES;
				CLANG_WARN_SUSPICIOUS_MOVE = YES;
				CLANG_WARN_UNGUARDED_AVAILABILITY = YES_AGGRESSIVE;
				CLANG_WARN_UNREACHABLE_CODE = YES;
				CLANG_WARN__DUPLICATE_METHOD_MATCH = YES;
				COPY_PHASE_STRIP = NO;
				DEBUG_INFORMATION_FORMAT = "dwarf-with-dsym";
				ENABLE_NS_ASSERTIONS = NO;
				ENABLE_STRICT_OBJC_MSGSEND = YES;
				GCC_C_LANGUAGE_STANDARD = gnu11;
				GCC_NO_COMMON_BLOCKS = YES;
				GCC_WARN_64_TO_32_BIT_CONVERSION = YES;
				GCC_WARN_ABOUT_RETURN_TYPE = YES_ERROR;
				GCC_WARN_UNDECLARED_SELECTOR = YES;
				GCC_WARN_UNINITIALIZED_AUTOS = YES_AGGRESSIVE;
				GCC_WARN_UNUSED_FUNCTION = YES;
				GCC_WARN_UNUSED_VARIABLE = YES;
				IPHONEOS_DEPLOYMENT_TARGET = 13.0;
				MTL_ENABLE_DEBUG_INFO = NO;
				MTL_FAST_MATH = YES;
				SDKROOT = iphoneos;
				SWIFT_COMPILATION_MODE = wholemodule;
				SWIFT_OPTIMIZATION_LEVEL = "-O";
				VALIDATE_PRODUCT = YES;
			};
			name = Release;
		};
		EBEC9B25233E6F540031080C /* Debug */ = {
			isa = XCBuildConfiguration;
			buildSettings = {
				ASSETCATALOG_COMPILER_APPICON_NAME = AppIcon;
				CODE_SIGN_STYLE = Automatic;
				INFOPLIST_FILE = chooseYourOwnAdventure/Info.plist;
				LD_RUNPATH_SEARCH_PATHS = (
					"$(inherited)",
					"@executable_path/Frameworks",
				);
				PRODUCT_BUNDLE_IDENTIFIER = com.milesmalin.chooseYourOwnAdventure;
				PRODUCT_NAME = "$(TARGET_NAME)";
				SWIFT_VERSION = 5.0;
				TARGETED_DEVICE_FAMILY = "1,2";
			};
			name = Debug;
		};
		EBEC9B26233E6F540031080C /* Release */ = {
			isa = XCBuildConfiguration;
			buildSettings = {
				ASSETCATALOG_COMPILER_APPICON_NAME = AppIcon;
				CODE_SIGN_STYLE = Automatic;
				INFOPLIST_FILE = chooseYourOwnAdventure/Info.plist;
				LD_RUNPATH_SEARCH_PATHS = (
					"$(inherited)",
					"@executable_path/Frameworks",
				);
				PRODUCT_BUNDLE_IDENTIFIER = com.milesmalin.chooseYourOwnAdventure;
				PRODUCT_NAME = "$(TARGET_NAME)";
				SWIFT_VERSION = 5.0;
				TARGETED_DEVICE_FAMILY = "1,2";
			};
			name = Release;
		};
/* End XCBuildConfiguration section */

/* Begin XCConfigurationList section */
		EBEC9B0B233E6F4B0031080C /* Build configuration list for PBXProject "chooseYourOwnAdventure" */ = {
			isa = XCConfigurationList;
			buildConfigurations = (
				EBEC9B22233E6F540031080C /* Debug */,
				EBEC9B23233E6F540031080C /* Release */,
			);
			defaultConfigurationIsVisible = 0;
			defaultConfigurationName = Release;
		};
		EBEC9B24233E6F540031080C /* Build configuration list for PBXNativeTarget "chooseYourOwnAdventure" */ = {
			isa = XCConfigurationList;
			buildConfigurations = (
				EBEC9B25233E6F540031080C /* Debug */,
				EBEC9B26233E6F540031080C /* Release */,
			);
			defaultConfigurationIsVisible = 0;
			defaultConfigurationName = Release;
		};
/* End XCConfigurationList section */
	};
	rootObject = EBEC9B08233E6F4B0031080C /* Project object */;
}
