// !$*UTF8*$!
{
	archiveVersion = 1;
	classes = {
	};
	objectVersion = 50;
	objects = {

/* Begin PBXBuildFile section */
		EB60C9B323EC768200FE2250 /* AppDelegate.swift in Sources */ = {isa = PBXBuildFile; fileRef = EB60C9B223EC768200FE2250 /* AppDelegate.swift */; };
		EB60C9B523EC768200FE2250 /* SceneDelegate.swift in Sources */ = {isa = PBXBuildFile; fileRef = EB60C9B423EC768200FE2250 /* SceneDelegate.swift */; };
		EB60C9B723EC768200FE2250 /* ViewController.swift in Sources */ = {isa = PBXBuildFile; fileRef = EB60C9B623EC768200FE2250 /* ViewController.swift */; };
		EB60C9BA23EC768200FE2250 /* Main.storyboard in Resources */ = {isa = PBXBuildFile; fileRef = EB60C9B823EC768200FE2250 /* Main.storyboard */; };
		EB60C9BC23EC768500FE2250 /* Assets.xcassets in Resources */ = {isa = PBXBuildFile; fileRef = EB60C9BB23EC768500FE2250 /* Assets.xcassets */; };
		EB60C9BF23EC768500FE2250 /* LaunchScreen.storyboard in Resources */ = {isa = PBXBuildFile; fileRef = EB60C9BD23EC768500FE2250 /* LaunchScreen.storyboard */; };
		EB60C9C723EC791800FE2250 /* KingStackViewController.swift in Sources */ = {isa = PBXBuildFile; fileRef = EB60C9C623EC791800FE2250 /* KingStackViewController.swift */; };
		EB60C9C923EC875700FE2250 /* QueenStackViewController.swift in Sources */ = {isa = PBXBuildFile; fileRef = EB60C9C823EC875700FE2250 /* QueenStackViewController.swift */; };
/* End PBXBuildFile section */

/* Begin PBXFileReference section */
		EB60C9AF23EC768100FE2250 /* DynamicStackView.app */ = {isa = PBXFileReference; explicitFileType = wrapper.application; includeInIndex = 0; path = DynamicStackView.app; sourceTree = BUILT_PRODUCTS_DIR; };
		EB60C9B223EC768200FE2250 /* AppDelegate.swift */ = {isa = PBXFileReference; lastKnownFileType = sourcecode.swift; path = AppDelegate.swift; sourceTree = "<group>"; };
		EB60C9B423EC768200FE2250 /* SceneDelegate.swift */ = {isa = PBXFileReference; lastKnownFileType = sourcecode.swift; path = SceneDelegate.swift; sourceTree = "<group>"; };
		EB60C9B623EC768200FE2250 /* ViewController.swift */ = {isa = PBXFileReference; lastKnownFileType = sourcecode.swift; path = ViewController.swift; sourceTree = "<group>"; };
		EB60C9B923EC768200FE2250 /* Base */ = {isa = PBXFileReference; lastKnownFileType = file.storyboard; name = Base; path = Base.lproj/Main.storyboard; sourceTree = "<group>"; };
		EB60C9BB23EC768500FE2250 /* Assets.xcassets */ = {isa = PBXFileReference; lastKnownFileType = folder.assetcatalog; path = Assets.xcassets; sourceTree = "<group>"; };
		EB60C9BE23EC768500FE2250 /* Base */ = {isa = PBXFileReference; lastKnownFileType = file.storyboard; name = Base; path = Base.lproj/LaunchScreen.storyboard; sourceTree = "<group>"; };
		EB60C9C023EC768500FE2250 /* Info.plist */ = {isa = PBXFileReference; lastKnownFileType = text.plist.xml; path = Info.plist; sourceTree = "<group>"; };
		EB60C9C623EC791800FE2250 /* KingStackViewController.swift */ = {isa = PBXFileReference; lastKnownFileType = sourcecode.swift; path = KingStackViewController.swift; sourceTree = "<group>"; };
		EB60C9C823EC875700FE2250 /* QueenStackViewController.swift */ = {isa = PBXFileReference; lastKnownFileType = sourcecode.swift; path = QueenStackViewController.swift; sourceTree = "<group>"; };
/* End PBXFileReference section */

/* Begin PBXFrameworksBuildPhase section */
		EB60C9AC23EC768100FE2250 /* Frameworks */ = {
			isa = PBXFrameworksBuildPhase;
			buildActionMask = 2147483647;
			files = (
			);
			runOnlyForDeploymentPostprocessing = 0;
		};
/* End PBXFrameworksBuildPhase section */

/* Begin PBXGroup section */
		EB60C9A623EC768100FE2250 = {
			isa = PBXGroup;
			children = (
				EB60C9B123EC768100FE2250 /* DynamicStackView */,
				EB60C9B023EC768100FE2250 /* Products */,
			);
			sourceTree = "<group>";
		};
		EB60C9B023EC768100FE2250 /* Products */ = {
			isa = PBXGroup;
			children = (
				EB60C9AF23EC768100FE2250 /* DynamicStackView.app */,
			);
			name = Products;
			sourceTree = "<group>";
		};
		EB60C9B123EC768100FE2250 /* DynamicStackView */ = {
			isa = PBXGroup;
			children = (
				EB60C9B223EC768200FE2250 /* AppDelegate.swift */,
				EB60C9B423EC768200FE2250 /* SceneDelegate.swift */,
				EB60C9B623EC768200FE2250 /* ViewController.swift */,
				EB60C9B823EC768200FE2250 /* Main.storyboard */,
				EB60C9C823EC875700FE2250 /* QueenStackViewController.swift */,
				EB60C9C623EC791800FE2250 /* KingStackViewController.swift */,
				EB60C9BB23EC768500FE2250 /* Assets.xcassets */,
				EB60C9BD23EC768500FE2250 /* LaunchScreen.storyboard */,
				EB60C9C023EC768500FE2250 /* Info.plist */,
			);
			path = DynamicStackView;
			sourceTree = "<group>";
		};
/* End PBXGroup section */

/* Begin PBXNativeTarget section */
		EB60C9AE23EC768100FE2250 /* DynamicStackView */ = {
			isa = PBXNativeTarget;
			buildConfigurationList = EB60C9C323EC768500FE2250 /* Build configuration list for PBXNativeTarget "DynamicStackView" */;
			buildPhases = (
				EB60C9AB23EC768100FE2250 /* Sources */,
				EB60C9AC23EC768100FE2250 /* Frameworks */,
				EB60C9AD23EC768100FE2250 /* Resources */,
			);
			buildRules = (
			);
			dependencies = (
			);
			name = DynamicStackView;
			productName = DynamicStackView;
			productReference = EB60C9AF23EC768100FE2250 /* DynamicStackView.app */;
			productType = "com.apple.product-type.application";
		};
/* End PBXNativeTarget section */

/* Begin PBXProject section */
		EB60C9A723EC768100FE2250 /* Project object */ = {
			isa = PBXProject;
			attributes = {
				LastSwiftUpdateCheck = 1130;
				LastUpgradeCheck = 1130;
				ORGANIZATIONNAME = "Miles Malin";
				TargetAttributes = {
					EB60C9AE23EC768100FE2250 = {
						CreatedOnToolsVersion = 11.3.1;
					};
				};
			};
			buildConfigurationList = EB60C9AA23EC768100FE2250 /* Build configuration list for PBXProject "DynamicStackView" */;
			compatibilityVersion = "Xcode 9.3";
			developmentRegion = en;
			hasScannedForEncodings = 0;
			knownRegions = (
				en,
				Base,
			);
			mainGroup = EB60C9A623EC768100FE2250;
			productRefGroup = EB60C9B023EC768100FE2250 /* Products */;
			projectDirPath = "";
			projectRoot = "";
			targets = (
				EB60C9AE23EC768100FE2250 /* DynamicStackView */,
			);
		};
/* End PBXProject section */

/* Begin PBXResourcesBuildPhase section */
		EB60C9AD23EC768100FE2250 /* Resources */ = {
			isa = PBXResourcesBuildPhase;
			buildActionMask = 2147483647;
			files = (
				EB60C9BF23EC768500FE2250 /* LaunchScreen.storyboard in Resources */,
				EB60C9BC23EC768500FE2250 /* Assets.xcassets in Resources */,
				EB60C9BA23EC768200FE2250 /* Main.storyboard in Resources */,
			);
			runOnlyForDeploymentPostprocessing = 0;
		};
/* End PBXResourcesBuildPhase section */

/* Begin PBXSourcesBuildPhase section */
		EB60C9AB23EC768100FE2250 /* Sources */ = {
			isa = PBXSourcesBuildPhase;
			buildActionMask = 2147483647;
			files = (
				EB60C9B723EC768200FE2250 /* ViewController.swift in Sources */,
				EB60C9B323EC768200FE2250 /* AppDelegate.swift in Sources */,
				EB60C9C923EC875700FE2250 /* QueenStackViewController.swift in Sources */,
				EB60C9C723EC791800FE2250 /* KingStackViewController.swift in Sources */,
				EB60C9B523EC768200FE2250 /* SceneDelegate.swift in Sources */,
			);
			runOnlyForDeploymentPostprocessing = 0;
		};
/* End PBXSourcesBuildPhase section */

/* Begin PBXVariantGroup section */
		EB60C9B823EC768200FE2250 /* Main.storyboard */ = {
			isa = PBXVariantGroup;
			children = (
				EB60C9B923EC768200FE2250 /* Base */,
			);
			name = Main.storyboard;
			sourceTree = "<group>";
		};
		EB60C9BD23EC768500FE2250 /* LaunchScreen.storyboard */ = {
			isa = PBXVariantGroup;
			children = (
				EB60C9BE23EC768500FE2250 /* Base */,
			);
			name = LaunchScreen.storyboard;
			sourceTree = "<group>";
		};
/* End PBXVariantGroup section */

/* Begin XCBuildConfiguration section */
		EB60C9C123EC768500FE2250 /* Debug */ = {
			isa = XCBuildConfiguration;
			buildSettings = {
				ALWAYS_SEARCH_USER_PATHS = NO;
				CLANG_ANALYZER_NONNULL = YES;
				CLANG_ANALYZER_NUMBER_OBJECT_CONVERSION = YES_AGGRESSIVE;
				CLANG_CXX_LANGUAGE_STANDARD = "gnu++14";
				CLANG_CXX_LIBRARY = "libc++";
				CLANG_ENABLE_MODULES = YES;
				CLANG_ENABLE_OBJC_ARC = YES;
				CLANG_ENABLE_OBJC_WEAK = YES;
				CLANG_WARN_BLOCK_CAPTURE_AUTORELEASING = YES;
				CLANG_WARN_BOOL_CONVERSION = YES;
				CLANG_WARN_COMMA = YES;
				CLANG_WARN_CONSTANT_CONVERSION = YES;
				CLANG_WARN_DEPRECATED_OBJC_IMPLEMENTATIONS = YES;
				CLANG_WARN_DIRECT_OBJC_ISA_USAGE = YES_ERROR;
				CLANG_WARN_DOCUMENTATION_COMMENTS = YES;
				CLANG_WARN_EMPTY_BODY = YES;
				CLANG_WARN_ENUM_CONVERSION = YES;
				CLANG_WARN_INFINITE_RECURSION = YES;
				CLANG_WARN_INT_CONVERSION = YES;
				CLANG_WARN_NON_LITERAL_NULL_CONVERSION = YES;
				CLANG_WARN_OBJC_IMPLICIT_RETAIN_SELF = YES;
				CLANG_WARN_OBJC_LITERAL_CONVERSION = YES;
				CLANG_WARN_OBJC_ROOT_CLASS = YES_ERROR;
				CLANG_WARN_RANGE_LOOP_ANALYSIS = YES;
				CLANG_WARN_STRICT_PROTOTYPES = YES;
				CLANG_WARN_SUSPICIOUS_MOVE = YES;
				CLANG_WARN_UNGUARDED_AVAILABILITY = YES_AGGRESSIVE;
				CLANG_WARN_UNREACHABLE_CODE = YES;
				CLANG_WARN__DUPLICATE_METHOD_MATCH = YES;
				COPY_PHASE_STRIP = NO;
				DEBUG_INFORMATION_FORMAT = dwarf;
				ENABLE_STRICT_OBJC_MSGSEND = YES;
				ENABLE_TESTABILITY = YES;
				GCC_C_LANGUAGE_STANDARD = gnu11;
				GCC_DYNAMIC_NO_PIC = NO;
				GCC_NO_COMMON_BLOCKS = YES;
				GCC_OPTIMIZATION_LEVEL = 0;
				GCC_PREPROCESSOR_DEFINITIONS = (
					"DEBUG=1",
					"$(inherited)",
				);
				GCC_WARN_64_TO_32_BIT_CONVERSION = YES;
				GCC_WARN_ABOUT_RETURN_TYPE = YES_ERROR;
				GCC_WARN_UNDECLARED_SELECTOR = YES;
				GCC_WARN_UNINITIALIZED_AUTOS = YES_AGGRESSIVE;
				GCC_WARN_UNUSED_FUNCTION = YES;
				GCC_WARN_UNUSED_VARIABLE = YES;
				IPHONEOS_DEPLOYMENT_TARGET = 13.2;
				MTL_ENABLE_DEBUG_INFO = INCLUDE_SOURCE;
				MTL_FAST_MATH = YES;
				ONLY_ACTIVE_ARCH = YES;
				SDKROOT = iphoneos;
				SWIFT_ACTIVE_COMPILATION_CONDITIONS = DEBUG;
				SWIFT_OPTIMIZATION_LEVEL = "-Onone";
			};
			name = Debug;
		};
		EB60C9C223EC768500FE2250 /* Release */ = {
			isa = XCBuildConfiguration;
			buildSettings = {
				ALWAYS_SEARCH_USER_PATHS = NO;
				CLANG_ANALYZER_NONNULL = YES;
				CLANG_ANALYZER_NUMBER_OBJECT_CONVERSION = YES_AGGRESSIVE;
				CLANG_CXX_LANGUAGE_STANDARD = "gnu++14";
				CLANG_CXX_LIBRARY = "libc++";
				CLANG_ENABLE_MODULES = YES;
				CLANG_ENABLE_OBJC_ARC = YES;
				CLANG_ENABLE_OBJC_WEAK = YES;
				CLANG_WARN_BLOCK_CAPTURE_AUTORELEASING = YES;
				CLANG_WARN_BOOL_CONVERSION = YES;
				CLANG_WARN_COMMA = YES;
				CLANG_WARN_CONSTANT_CONVERSION = YES;
				CLANG_WARN_DEPRECATED_OBJC_IMPLEMENTATIONS = YES;
				CLANG_WARN_DIRECT_OBJC_ISA_USAGE = YES_ERROR;
				CLANG_WARN_DOCUMENTATION_COMMENTS = YES;
				CLANG_WARN_EMPTY_BODY = YES;
				CLANG_WARN_ENUM_CONVERSION = YES;
				CLANG_WARN_INFINITE_RECURSION = YES;
				CLANG_WARN_INT_CONVERSION = YES;
				CLANG_WARN_NON_LITERAL_NULL_CONVERSION = YES;
				CLANG_WARN_OBJC_IMPLICIT_RETAIN_SELF = YES;
				CLANG_WARN_OBJC_LITERAL_CONVERSION = YES;
				CLANG_WARN_OBJC_ROOT_CLASS = YES_ERROR;
				CLANG_WARN_RANGE_LOOP_ANALYSIS = YES;
				CLANG_WARN_STRICT_PROTOTYPES = YES;
				CLANG_WARN_SUSPICIOUS_MOVE = YES;
				CLANG_WARN_UNGUARDED_AVAILABILITY = YES_AGGRESSIVE;
				CLANG_WARN_UNREACHABLE_CODE = YES;
				CLANG_WARN__DUPLICATE_METHOD_MATCH = YES;
				COPY_PHASE_STRIP = NO;
				DEBUG_INFORMATION_FORMAT = "dwarf-with-dsym";
				ENABLE_NS_ASSERTIONS = NO;
				ENABLE_STRICT_OBJC_MSGSEND = YES;
				GCC_C_LANGUAGE_STANDARD = gnu11;
				GCC_NO_COMMON_BLOCKS = YES;
				GCC_WARN_64_TO_32_BIT_CONVERSION = YES;
				GCC_WARN_ABOUT_RETURN_TYPE = YES_ERROR;
				GCC_WARN_UNDECLARED_SELECTOR = YES;
				GCC_WARN_UNINITIALIZED_AUTOS = YES_AGGRESSIVE;
				GCC_WARN_UNUSED_FUNCTION = YES;
				GCC_WARN_UNUSED_VARIABLE = YES;
				IPHONEOS_DEPLOYMENT_TARGET = 13.2;
				MTL_ENABLE_DEBUG_INFO = NO;
				MTL_FAST_MATH = YES;
				SDKROOT = iphoneos;
				SWIFT_COMPILATION_MODE = wholemodule;
				SWIFT_OPTIMIZATION_LEVEL = "-O";
				VALIDATE_PRODUCT = YES;
			};
			name = Release;
		};
		EB60C9C423EC768500FE2250 /* Debug */ = {
			isa = XCBuildConfiguration;
			buildSettings = {
				ASSETCATALOG_COMPILER_APPICON_NAME = AppIcon;
				CODE_SIGN_STYLE = Automatic;
				INFOPLIST_FILE = DynamicStackView/Info.plist;
				LD_RUNPATH_SEARCH_PATHS = (
					"$(inherited)",
					"@executable_path/Frameworks",
				);
				PRODUCT_BUNDLE_IDENTIFIER = com.milesmalin.DynamicStackView;
				PRODUCT_NAME = "$(TARGET_NAME)";
				SWIFT_VERSION = 5.0;
				TARGETED_DEVICE_FAMILY = "1,2";
			};
			name = Debug;
		};
		EB60C9C523EC768500FE2250 /* Release */ = {
			isa = XCBuildConfiguration;
			buildSettings = {
				ASSETCATALOG_COMPILER_APPICON_NAME = AppIcon;
				CODE_SIGN_STYLE = Automatic;
				INFOPLIST_FILE = DynamicStackView/Info.plist;
				LD_RUNPATH_SEARCH_PATHS = (
					"$(inherited)",
					"@executable_path/Frameworks",
				);
				PRODUCT_BUNDLE_IDENTIFIER = com.milesmalin.DynamicStackView;
				PRODUCT_NAME = "$(TARGET_NAME)";
				SWIFT_VERSION = 5.0;
				TARGETED_DEVICE_FAMILY = "1,2";
			};
			name = Release;
		};
/* End XCBuildConfiguration section */

/* Begin XCConfigurationList section */
		EB60C9AA23EC768100FE2250 /* Build configuration list for PBXProject "DynamicStackView" */ = {
			isa = XCConfigurationList;
			buildConfigurations = (
				EB60C9C123EC768500FE2250 /* Debug */,
				EB60C9C223EC768500FE2250 /* Release */,
			);
			defaultConfigurationIsVisible = 0;
			defaultConfigurationName = Release;
		};
		EB60C9C323EC768500FE2250 /* Build configuration list for PBXNativeTarget "DynamicStackView" */ = {
			isa = XCConfigurationList;
			buildConfigurations = (
				EB60C9C423EC768500FE2250 /* Debug */,
				EB60C9C523EC768500FE2250 /* Release */,
			);
			defaultConfigurationIsVisible = 0;
			defaultConfigurationName = Release;
		};
/* End XCConfigurationList section */
	};
	rootObject = EB60C9A723EC768100FE2250 /* Project object */;
}
