// !$*UTF8*$!
{
	archiveVersion = 1;
	classes = {
	};
	objectVersion = 50;
	objects = {

/* Begin PBXBuildFile section */
		EB1DEA01244D1DCB00CF5C2C /* GameManager.swift in Sources */ = {isa = PBXBuildFile; fileRef = EB1DEA00244D1DCB00CF5C2C /* GameManager.swift */; };
		EBEEA02D2447638700042326 /* AppDelegate.swift in Sources */ = {isa = PBXBuildFile; fileRef = EBEEA02C2447638700042326 /* AppDelegate.swift */; };
		EBEEA02F2447638700042326 /* GameScene.sks in Resources */ = {isa = PBXBuildFile; fileRef = EBEEA02E2447638700042326 /* GameScene.sks */; };
		EBEEA0332447638700042326 /* GameScene.swift in Sources */ = {isa = PBXBuildFile; fileRef = EBEEA0322447638700042326 /* GameScene.swift */; };
		EBEEA0352447638700042326 /* GameViewController.swift in Sources */ = {isa = PBXBuildFile; fileRef = EBEEA0342447638700042326 /* GameViewController.swift */; };
		EBEEA0382447638700042326 /* Main.storyboard in Resources */ = {isa = PBXBuildFile; fileRef = EBEEA0362447638700042326 /* Main.storyboard */; };
		EBEEA03A2447638E00042326 /* Assets.xcassets in Resources */ = {isa = PBXBuildFile; fileRef = EBEEA0392447638E00042326 /* Assets.xcassets */; };
		EBEEA03D2447638E00042326 /* LaunchScreen.storyboard in Resources */ = {isa = PBXBuildFile; fileRef = EBEEA03B2447638E00042326 /* LaunchScreen.storyboard */; };
/* End PBXBuildFile section */

/* Begin PBXFileReference section */
		EB1DEA00244D1DCB00CF5C2C /* GameManager.swift */ = {isa = PBXFileReference; lastKnownFileType = sourcecode.swift; path = GameManager.swift; sourceTree = "<group>"; };
		EBEEA0292447638700042326 /* SnakeGamr.app */ = {isa = PBXFileReference; explicitFileType = wrapper.application; includeInIndex = 0; path = SnakeGamr.app; sourceTree = BUILT_PRODUCTS_DIR; };
		EBEEA02C2447638700042326 /* AppDelegate.swift */ = {isa = PBXFileReference; lastKnownFileType = sourcecode.swift; path = AppDelegate.swift; sourceTree = "<group>"; };
		EBEEA02E2447638700042326 /* GameScene.sks */ = {isa = PBXFileReference; lastKnownFileType = file.sks; path = GameScene.sks; sourceTree = "<group>"; };
		EBEEA0322447638700042326 /* GameScene.swift */ = {isa = PBXFileReference; lastKnownFileType = sourcecode.swift; path = GameScene.swift; sourceTree = "<group>"; };
		EBEEA0342447638700042326 /* GameViewController.swift */ = {isa = PBXFileReference; lastKnownFileType = sourcecode.swift; path = GameViewController.swift; sourceTree = "<group>"; };
		EBEEA0372447638700042326 /* Base */ = {isa = PBXFileReference; lastKnownFileType = file.storyboard; name = Base; path = Base.lproj/Main.storyboard; sourceTree = "<group>"; };
		EBEEA0392447638E00042326 /* Assets.xcassets */ = {isa = PBXFileReference; lastKnownFileType = folder.assetcatalog; path = Assets.xcassets; sourceTree = "<group>"; };
		EBEEA03C2447638E00042326 /* Base */ = {isa = PBXFileReference; lastKnownFileType = file.storyboard; name = Base; path = Base.lproj/LaunchScreen.storyboard; sourceTree = "<group>"; };
		EBEEA03E2447638E00042326 /* Info.plist */ = {isa = PBXFileReference; lastKnownFileType = text.plist.xml; path = Info.plist; sourceTree = "<group>"; };
/* End PBXFileReference section */

/* Begin PBXFrameworksBuildPhase section */
		EBEEA0262447638700042326 /* Frameworks */ = {
			isa = PBXFrameworksBuildPhase;
			buildActionMask = 2147483647;
			files = (
			);
			runOnlyForDeploymentPostprocessing = 0;
		};
/* End PBXFrameworksBuildPhase section */

/* Begin PBXGroup section */
		EBEEA0202447638700042326 = {
			isa = PBXGroup;
			children = (
				EBEEA02B2447638700042326 /* SnakeGamr */,
				EBEEA02A2447638700042326 /* Products */,
			);
			sourceTree = "<group>";
		};
		EBEEA02A2447638700042326 /* Products */ = {
			isa = PBXGroup;
			children = (
				EBEEA0292447638700042326 /* SnakeGamr.app */,
			);
			name = Products;
			sourceTree = "<group>";
		};
		EBEEA02B2447638700042326 /* SnakeGamr */ = {
			isa = PBXGroup;
			children = (
				EBEEA02C2447638700042326 /* AppDelegate.swift */,
				EBEEA02E2447638700042326 /* GameScene.sks */,
				EBEEA0322447638700042326 /* GameScene.swift */,
				EBEEA0342447638700042326 /* GameViewController.swift */,
				EB1DEA00244D1DCB00CF5C2C /* GameManager.swift */,
				EBEEA0362447638700042326 /* Main.storyboard */,
				EBEEA0392447638E00042326 /* Assets.xcassets */,
				EBEEA03B2447638E00042326 /* LaunchScreen.storyboard */,
				EBEEA03E2447638E00042326 /* Info.plist */,
			);
			path = SnakeGamr;
			sourceTree = "<group>";
		};
/* End PBXGroup section */

/* Begin PBXNativeTarget section */
		EBEEA0282447638700042326 /* SnakeGamr */ = {
			isa = PBXNativeTarget;
			buildConfigurationList = EBEEA0412447638E00042326 /* Build configuration list for PBXNativeTarget "SnakeGamr" */;
			buildPhases = (
				EBEEA0252447638700042326 /* Sources */,
				EBEEA0262447638700042326 /* Frameworks */,
				EBEEA0272447638700042326 /* Resources */,
			);
			buildRules = (
			);
			dependencies = (
			);
			name = SnakeGamr;
			productName = SnakeGamr;
			productReference = EBEEA0292447638700042326 /* SnakeGamr.app */;
			productType = "com.apple.product-type.application";
		};
/* End PBXNativeTarget section */

/* Begin PBXProject section */
		EBEEA0212447638700042326 /* Project object */ = {
			isa = PBXProject;
			attributes = {
				LastSwiftUpdateCheck = 1130;
				LastUpgradeCheck = 1130;
				ORGANIZATIONNAME = "Miles Malin";
				TargetAttributes = {
					EBEEA0282447638700042326 = {
						CreatedOnToolsVersion = 11.3.1;
					};
				};
			};
			buildConfigurationList = EBEEA0242447638700042326 /* Build configuration list for PBXProject "SnakeGamr" */;
			compatibilityVersion = "Xcode 9.3";
			developmentRegion = en;
			hasScannedForEncodings = 0;
			knownRegions = (
				en,
				Base,
			);
			mainGroup = EBEEA0202447638700042326;
			productRefGroup = EBEEA02A2447638700042326 /* Products */;
			projectDirPath = "";
			projectRoot = "";
			targets = (
				EBEEA0282447638700042326 /* SnakeGamr */,
			);
		};
/* End PBXProject section */

/* Begin PBXResourcesBuildPhase section */
		EBEEA0272447638700042326 /* Resources */ = {
			isa = PBXResourcesBuildPhase;
			buildActionMask = 2147483647;
			files = (
				EBEEA0382447638700042326 /* Main.storyboard in Resources */,
				EBEEA02F2447638700042326 /* GameScene.sks in Resources */,
				EBEEA03A2447638E00042326 /* Assets.xcassets in Resources */,
				EBEEA03D2447638E00042326 /* LaunchScreen.storyboard in Resources */,
			);
			runOnlyForDeploymentPostprocessing = 0;
		};
/* End PBXResourcesBuildPhase section */

/* Begin PBXSourcesBuildPhase section */
		EBEEA0252447638700042326 /* Sources */ = {
			isa = PBXSourcesBuildPhase;
			buildActionMask = 2147483647;
			files = (
				EBEEA0332447638700042326 /* GameScene.swift in Sources */,
				EB1DEA01244D1DCB00CF5C2C /* GameManager.swift in Sources */,
				EBEEA0352447638700042326 /* GameViewController.swift in Sources */,
				EBEEA02D2447638700042326 /* AppDelegate.swift in Sources */,
			);
			runOnlyForDeploymentPostprocessing = 0;
		};
/* End PBXSourcesBuildPhase section */

/* Begin PBXVariantGroup section */
		EBEEA0362447638700042326 /* Main.storyboard */ = {
			isa = PBXVariantGroup;
			children = (
				EBEEA0372447638700042326 /* Base */,
			);
			name = Main.storyboard;
			sourceTree = "<group>";
		};
		EBEEA03B2447638E00042326 /* LaunchScreen.storyboard */ = {
			isa = PBXVariantGroup;
			children = (
				EBEEA03C2447638E00042326 /* Base */,
			);
			name = LaunchScreen.storyboard;
			sourceTree = "<group>";
		};
/* End PBXVariantGroup section */

/* Begin XCBuildConfiguration section */
		EBEEA03F2447638E00042326 /* Debug */ = {
			isa = XCBuildConfiguration;
			buildSettings = {
				ALWAYS_SEARCH_USER_PATHS = NO;
				CLANG_ANALYZER_NONNULL = YES;
				CLANG_ANALYZER_NUMBER_OBJECT_CONVERSION = YES_AGGRESSIVE;
				CLANG_CXX_LANGUAGE_STANDARD = "gnu++14";
				CLANG_CXX_LIBRARY = "libc++";
				CLANG_ENABLE_MODULES = YES;
				CLANG_ENABLE_OBJC_ARC = YES;
				CLANG_ENABLE_OBJC_WEAK = YES;
				CLANG_WARN_BLOCK_CAPTURE_AUTORELEASING = YES;
				CLANG_WARN_BOOL_CONVERSION = YES;
				CLANG_WARN_COMMA = YES;
				CLANG_WARN_CONSTANT_CONVERSION = YES;
				CLANG_WARN_DEPRECATED_OBJC_IMPLEMENTATIONS = YES;
				CLANG_WARN_DIRECT_OBJC_ISA_USAGE = YES_ERROR;
				CLANG_WARN_DOCUMENTATION_COMMENTS = YES;
				CLANG_WARN_EMPTY_BODY = YES;
				CLANG_WARN_ENUM_CONVERSION = YES;
				CLANG_WARN_INFINITE_RECURSION = YES;
				CLANG_WARN_INT_CONVERSION = YES;
				CLANG_WARN_NON_LITERAL_NULL_CONVERSION = YES;
				CLANG_WARN_OBJC_IMPLICIT_RETAIN_SELF = YES;
				CLANG_WARN_OBJC_LITERAL_CONVERSION = YES;
				CLANG_WARN_OBJC_ROOT_CLASS = YES_ERROR;
				CLANG_WARN_RANGE_LOOP_ANALYSIS = YES;
				CLANG_WARN_STRICT_PROTOTYPES = YES;
				CLANG_WARN_SUSPICIOUS_MOVE = YES;
				CLANG_WARN_UNGUARDED_AVAILABILITY = YES_AGGRESSIVE;
				CLANG_WARN_UNREACHABLE_CODE = YES;
				CLANG_WARN__DUPLICATE_METHOD_MATCH = YES;
				COPY_PHASE_STRIP = NO;
				DEBUG_INFORMATION_FORMAT = dwarf;
				ENABLE_STRICT_OBJC_MSGSEND = YES;
				ENABLE_TESTABILITY = YES;
				GCC_C_LANGUAGE_STANDARD = gnu11;
				GCC_DYNAMIC_NO_PIC = NO;
				GCC_NO_COMMON_BLOCKS = YES;
				GCC_OPTIMIZATION_LEVEL = 0;
				GCC_PREPROCESSOR_DEFINITIONS = (
					"DEBUG=1",
					"$(inherited)",
				);
				GCC_WARN_64_TO_32_BIT_CONVERSION = YES;
				GCC_WARN_ABOUT_RETURN_TYPE = YES_ERROR;
				GCC_WARN_UNDECLARED_SELECTOR = YES;
				GCC_WARN_UNINITIALIZED_AUTOS = YES_AGGRESSIVE;
				GCC_WARN_UNUSED_FUNCTION = YES;
				GCC_WARN_UNUSED_VARIABLE = YES;
				IPHONEOS_DEPLOYMENT_TARGET = 13.2;
				MTL_ENABLE_DEBUG_INFO = INCLUDE_SOURCE;
				MTL_FAST_MATH = YES;
				ONLY_ACTIVE_ARCH = YES;
				SDKROOT = iphoneos;
				SWIFT_ACTIVE_COMPILATION_CONDITIONS = DEBUG;
				SWIFT_OPTIMIZATION_LEVEL = "-Onone";
			};
			name = Debug;
		};
		EBEEA0402447638E00042326 /* Release */ = {
			isa = XCBuildConfiguration;
			buildSettings = {
				ALWAYS_SEARCH_USER_PATHS = NO;
				CLANG_ANALYZER_NONNULL = YES;
				CLANG_ANALYZER_NUMBER_OBJECT_CONVERSION = YES_AGGRESSIVE;
				CLANG_CXX_LANGUAGE_STANDARD = "gnu++14";
				CLANG_CXX_LIBRARY = "libc++";
				CLANG_ENABLE_MODULES = YES;
				CLANG_ENABLE_OBJC_ARC = YES;
				CLANG_ENABLE_OBJC_WEAK = YES;
				CLANG_WARN_BLOCK_CAPTURE_AUTORELEASING = YES;
				CLANG_WARN_BOOL_CONVERSION = YES;
				CLANG_WARN_COMMA = YES;
				CLANG_WARN_CONSTANT_CONVERSION = YES;
				CLANG_WARN_DEPRECATED_OBJC_IMPLEMENTATIONS = YES;
				CLANG_WARN_DIRECT_OBJC_ISA_USAGE = YES_ERROR;
				CLANG_WARN_DOCUMENTATION_COMMENTS = YES;
				CLANG_WARN_EMPTY_BODY = YES;
				CLANG_WARN_ENUM_CONVERSION = YES;
				CLANG_WARN_INFINITE_RECURSION = YES;
				CLANG_WARN_INT_CONVERSION = YES;
				CLANG_WARN_NON_LITERAL_NULL_CONVERSION = YES;
				CLANG_WARN_OBJC_IMPLICIT_RETAIN_SELF = YES;
				CLANG_WARN_OBJC_LITERAL_CONVERSION = YES;
				CLANG_WARN_OBJC_ROOT_CLASS = YES_ERROR;
				CLANG_WARN_RANGE_LOOP_ANALYSIS = YES;
				CLANG_WARN_STRICT_PROTOTYPES = YES;
				CLANG_WARN_SUSPICIOUS_MOVE = YES;
				CLANG_WARN_UNGUARDED_AVAILABILITY = YES_AGGRESSIVE;
				CLANG_WARN_UNREACHABLE_CODE = YES;
				CLANG_WARN__DUPLICATE_METHOD_MATCH = YES;
				COPY_PHASE_STRIP = NO;
				DEBUG_INFORMATION_FORMAT = "dwarf-with-dsym";
				ENABLE_NS_ASSERTIONS = NO;
				ENABLE_STRICT_OBJC_MSGSEND = YES;
				GCC_C_LANGUAGE_STANDARD = gnu11;
				GCC_NO_COMMON_BLOCKS = YES;
				GCC_WARN_64_TO_32_BIT_CONVERSION = YES;
				GCC_WARN_ABOUT_RETURN_TYPE = YES_ERROR;
				GCC_WARN_UNDECLARED_SELECTOR = YES;
				GCC_WARN_UNINITIALIZED_AUTOS = YES_AGGRESSIVE;
				GCC_WARN_UNUSED_FUNCTION = YES;
				GCC_WARN_UNUSED_VARIABLE = YES;
				IPHONEOS_DEPLOYMENT_TARGET = 13.2;
				MTL_ENABLE_DEBUG_INFO = NO;
				MTL_FAST_MATH = YES;
				SDKROOT = iphoneos;
				SWIFT_COMPILATION_MODE = wholemodule;
				SWIFT_OPTIMIZATION_LEVEL = "-O";
				VALIDATE_PRODUCT = YES;
			};
			name = Release;
		};
		EBEEA0422447638E00042326 /* Debug */ = {
			isa = XCBuildConfiguration;
			buildSettings = {
				ASSETCATALOG_COMPILER_APPICON_NAME = AppIcon;
				CODE_SIGN_STYLE = Automatic;
				DEVELOPMENT_TEAM = 245WQ2G945;
				INFOPLIST_FILE = SnakeGamr/Info.plist;
				LD_RUNPATH_SEARCH_PATHS = (
					"$(inherited)",
					"@executable_path/Frameworks",
				);
				PRODUCT_BUNDLE_IDENTIFIER = com.milesmalin.SnakeGamr;
				PRODUCT_NAME = "$(TARGET_NAME)";
				SWIFT_VERSION = 5.0;
				TARGETED_DEVICE_FAMILY = "1,2";
			};
			name = Debug;
		};
		EBEEA0432447638E00042326 /* Release */ = {
			isa = XCBuildConfiguration;
			buildSettings = {
				ASSETCATALOG_COMPILER_APPICON_NAME = AppIcon;
				CODE_SIGN_STYLE = Automatic;
				DEVELOPMENT_TEAM = 245WQ2G945;
				INFOPLIST_FILE = SnakeGamr/Info.plist;
				LD_RUNPATH_SEARCH_PATHS = (
					"$(inherited)",
					"@executable_path/Frameworks",
				);
				PRODUCT_BUNDLE_IDENTIFIER = com.milesmalin.SnakeGamr;
				PRODUCT_NAME = "$(TARGET_NAME)";
				SWIFT_VERSION = 5.0;
				TARGETED_DEVICE_FAMILY = "1,2";
			};
			name = Release;
		};
/* End XCBuildConfiguration section */

/* Begin XCConfigurationList section */
		EBEEA0242447638700042326 /* Build configuration list for PBXProject "SnakeGamr" */ = {
			isa = XCConfigurationList;
			buildConfigurations = (
				EBEEA03F2447638E00042326 /* Debug */,
				EBEEA0402447638E00042326 /* Release */,
			);
			defaultConfigurationIsVisible = 0;
			defaultConfigurationName = Release;
		};
		EBEEA0412447638E00042326 /* Build configuration list for PBXNativeTarget "SnakeGamr" */ = {
			isa = XCConfigurationList;
			buildConfigurations = (
				EBEEA0422447638E00042326 /* Debug */,
				EBEEA0432447638E00042326 /* Release */,
			);
			defaultConfigurationIsVisible = 0;
			defaultConfigurationName = Release;
		};
/* End XCConfigurationList section */
	};
	rootObject = EBEEA0212447638700042326 /* Project object */;
}
