// !$*UTF8*$!
{
	archiveVersion = 1;
	classes = {
	};
	objectVersion = 50;
	objects = {

/* Begin PBXBuildFile section */
		EBB2272D23E1F6A1006D8CA3 /* AppDelegate.swift in Sources */ = {isa = PBXBuildFile; fileRef = EBB2272C23E1F6A1006D8CA3 /* AppDelegate.swift */; };
		EBB2272F23E1F6A1006D8CA3 /* SceneDelegate.swift in Sources */ = {isa = PBXBuildFile; fileRef = EBB2272E23E1F6A1006D8CA3 /* SceneDelegate.swift */; };
		EBB2273123E1F6A1006D8CA3 /* ViewController.swift in Sources */ = {isa = PBXBuildFile; fileRef = EBB2273023E1F6A1006D8CA3 /* ViewController.swift */; };
		EBB2273423E1F6A1006D8CA3 /* Main.storyboard in Resources */ = {isa = PBXBuildFile; fileRef = EBB2273223E1F6A1006D8CA3 /* Main.storyboard */; };
		EBB2273623E1F6A6006D8CA3 /* Assets.xcassets in Resources */ = {isa = PBXBuildFile; fileRef = EBB2273523E1F6A6006D8CA3 /* Assets.xcassets */; };
		EBB2273923E1F6A6006D8CA3 /* LaunchScreen.storyboard in Resources */ = {isa = PBXBuildFile; fileRef = EBB2273723E1F6A6006D8CA3 /* LaunchScreen.storyboard */; };
/* End PBXBuildFile section */

/* Begin PBXFileReference section */
		EBB2272923E1F6A1006D8CA3 /* layoutExercise.app */ = {isa = PBXFileReference; explicitFileType = wrapper.application; includeInIndex = 0; path = layoutExercise.app; sourceTree = BUILT_PRODUCTS_DIR; };
		EBB2272C23E1F6A1006D8CA3 /* AppDelegate.swift */ = {isa = PBXFileReference; lastKnownFileType = sourcecode.swift; path = AppDelegate.swift; sourceTree = "<group>"; };
		EBB2272E23E1F6A1006D8CA3 /* SceneDelegate.swift */ = {isa = PBXFileReference; lastKnownFileType = sourcecode.swift; path = SceneDelegate.swift; sourceTree = "<group>"; };
		EBB2273023E1F6A1006D8CA3 /* ViewController.swift */ = {isa = PBXFileReference; lastKnownFileType = sourcecode.swift; path = ViewController.swift; sourceTree = "<group>"; };
		EBB2273323E1F6A1006D8CA3 /* Base */ = {isa = PBXFileReference; lastKnownFileType = file.storyboard; name = Base; path = Base.lproj/Main.storyboard; sourceTree = "<group>"; };
		EBB2273523E1F6A6006D8CA3 /* Assets.xcassets */ = {isa = PBXFileReference; lastKnownFileType = folder.assetcatalog; path = Assets.xcassets; sourceTree = "<group>"; };
		EBB2273823E1F6A6006D8CA3 /* Base */ = {isa = PBXFileReference; lastKnownFileType = file.storyboard; name = Base; path = Base.lproj/LaunchScreen.storyboard; sourceTree = "<group>"; };
		EBB2273A23E1F6A6006D8CA3 /* Info.plist */ = {isa = PBXFileReference; lastKnownFileType = text.plist.xml; path = Info.plist; sourceTree = "<group>"; };
/* End PBXFileReference section */

/* Begin PBXFrameworksBuildPhase section */
		EBB2272623E1F6A1006D8CA3 /* Frameworks */ = {
			isa = PBXFrameworksBuildPhase;
			buildActionMask = 2147483647;
			files = (
			);
			runOnlyForDeploymentPostprocessing = 0;
		};
/* End PBXFrameworksBuildPhase section */

/* Begin PBXGroup section */
		EBB2272023E1F6A1006D8CA3 = {
			isa = PBXGroup;
			children = (
				EBB2272B23E1F6A1006D8CA3 /* layoutExercise */,
				EBB2272A23E1F6A1006D8CA3 /* Products */,
			);
			sourceTree = "<group>";
		};
		EBB2272A23E1F6A1006D8CA3 /* Products */ = {
			isa = PBXGroup;
			children = (
				EBB2272923E1F6A1006D8CA3 /* layoutExercise.app */,
			);
			name = Products;
			sourceTree = "<group>";
		};
		EBB2272B23E1F6A1006D8CA3 /* layoutExercise */ = {
			isa = PBXGroup;
			children = (
				EBB2272C23E1F6A1006D8CA3 /* AppDelegate.swift */,
				EBB2272E23E1F6A1006D8CA3 /* SceneDelegate.swift */,
				EBB2273023E1F6A1006D8CA3 /* ViewController.swift */,
				EBB2273223E1F6A1006D8CA3 /* Main.storyboard */,
				EBB2273523E1F6A6006D8CA3 /* Assets.xcassets */,
				EBB2273723E1F6A6006D8CA3 /* LaunchScreen.storyboard */,
				EBB2273A23E1F6A6006D8CA3 /* Info.plist */,
			);
			path = layoutExercise;
			sourceTree = "<group>";
		};
/* End PBXGroup section */

/* Begin PBXNativeTarget section */
		EBB2272823E1F6A1006D8CA3 /* layoutExercise */ = {
			isa = PBXNativeTarget;
			buildConfigurationList = EBB2273D23E1F6A6006D8CA3 /* Build configuration list for PBXNativeTarget "layoutExercise" */;
			buildPhases = (
				EBB2272523E1F6A1006D8CA3 /* Sources */,
				EBB2272623E1F6A1006D8CA3 /* Frameworks */,
				EBB2272723E1F6A1006D8CA3 /* Resources */,
			);
			buildRules = (
			);
			dependencies = (
			);
			name = layoutExercise;
			productName = layoutExercise;
			productReference = EBB2272923E1F6A1006D8CA3 /* layoutExercise.app */;
			productType = "com.apple.product-type.application";
		};
/* End PBXNativeTarget section */

/* Begin PBXProject section */
		EBB2272123E1F6A1006D8CA3 /* Project object */ = {
			isa = PBXProject;
			attributes = {
				LastSwiftUpdateCheck = 1130;
				LastUpgradeCheck = 1130;
				ORGANIZATIONNAME = "Miles Malin";
				TargetAttributes = {
					EBB2272823E1F6A1006D8CA3 = {
						CreatedOnToolsVersion = 11.3.1;
					};
				};
			};
			buildConfigurationList = EBB2272423E1F6A1006D8CA3 /* Build configuration list for PBXProject "layoutExercise" */;
			compatibilityVersion = "Xcode 9.3";
			developmentRegion = en;
			hasScannedForEncodings = 0;
			knownRegions = (
				en,
				Base,
			);
			mainGroup = EBB2272023E1F6A1006D8CA3;
			productRefGroup = EBB2272A23E1F6A1006D8CA3 /* Products */;
			projectDirPath = "";
			projectRoot = "";
			targets = (
				EBB2272823E1F6A1006D8CA3 /* layoutExercise */,
			);
		};
/* End PBXProject section */

/* Begin PBXResourcesBuildPhase section */
		EBB2272723E1F6A1006D8CA3 /* Resources */ = {
			isa = PBXResourcesBuildPhase;
			buildActionMask = 2147483647;
			files = (
				EBB2273923E1F6A6006D8CA3 /* LaunchScreen.storyboard in Resources */,
				EBB2273623E1F6A6006D8CA3 /* Assets.xcassets in Resources */,
				EBB2273423E1F6A1006D8CA3 /* Main.storyboard in Resources */,
			);
			runOnlyForDeploymentPostprocessing = 0;
		};
/* End PBXResourcesBuildPhase section */

/* Begin PBXSourcesBuildPhase section */
		EBB2272523E1F6A1006D8CA3 /* Sources */ = {
			isa = PBXSourcesBuildPhase;
			buildActionMask = 2147483647;
			files = (
				EBB2273123E1F6A1006D8CA3 /* ViewController.swift in Sources */,
				EBB2272D23E1F6A1006D8CA3 /* AppDelegate.swift in Sources */,
				EBB2272F23E1F6A1006D8CA3 /* SceneDelegate.swift in Sources */,
			);
			runOnlyForDeploymentPostprocessing = 0;
		};
/* End PBXSourcesBuildPhase section */

/* Begin PBXVariantGroup section */
		EBB2273223E1F6A1006D8CA3 /* Main.storyboard */ = {
			isa = PBXVariantGroup;
			children = (
				EBB2273323E1F6A1006D8CA3 /* Base */,
			);
			name = Main.storyboard;
			sourceTree = "<group>";
		};
		EBB2273723E1F6A6006D8CA3 /* LaunchScreen.storyboard */ = {
			isa = PBXVariantGroup;
			children = (
				EBB2273823E1F6A6006D8CA3 /* Base */,
			);
			name = LaunchScreen.storyboard;
			sourceTree = "<group>";
		};
/* End PBXVariantGroup section */

/* Begin XCBuildConfiguration section */
		EBB2273B23E1F6A6006D8CA3 /* Debug */ = {
			isa = XCBuildConfiguration;
			buildSettings = {
				ALWAYS_SEARCH_USER_PATHS = NO;
				CLANG_ANALYZER_NONNULL = YES;
				CLANG_ANALYZER_NUMBER_OBJECT_CONVERSION = YES_AGGRESSIVE;
				CLANG_CXX_LANGUAGE_STANDARD = "gnu++14";
				CLANG_CXX_LIBRARY = "libc++";
				CLANG_ENABLE_MODULES = YES;
				CLANG_ENABLE_OBJC_ARC = YES;
				CLANG_ENABLE_OBJC_WEAK = YES;
				CLANG_WARN_BLOCK_CAPTURE_AUTORELEASING = YES;
				CLANG_WARN_BOOL_CONVERSION = YES;
				CLANG_WARN_COMMA = YES;
				CLANG_WARN_CONSTANT_CONVERSION = YES;
				CLANG_WARN_DEPRECATED_OBJC_IMPLEMENTATIONS = YES;
				CLANG_WARN_DIRECT_OBJC_ISA_USAGE = YES_ERROR;
				CLANG_WARN_DOCUMENTATION_COMMENTS = YES;
				CLANG_WARN_EMPTY_BODY = YES;
				CLANG_WARN_ENUM_CONVERSION = YES;
				CLANG_WARN_INFINITE_RECURSION = YES;
				CLANG_WARN_INT_CONVERSION = YES;
				CLANG_WARN_NON_LITERAL_NULL_CONVERSION = YES;
				CLANG_WARN_OBJC_IMPLICIT_RETAIN_SELF = YES;
				CLANG_WARN_OBJC_LITERAL_CONVERSION = YES;
				CLANG_WARN_OBJC_ROOT_CLASS = YES_ERROR;
				CLANG_WARN_RANGE_LOOP_ANALYSIS = YES;
				CLANG_WARN_STRICT_PROTOTYPES = YES;
				CLANG_WARN_SUSPICIOUS_MOVE = YES;
				CLANG_WARN_UNGUARDED_AVAILABILITY = YES_AGGRESSIVE;
				CLANG_WARN_UNREACHABLE_CODE = YES;
				CLANG_WARN__DUPLICATE_METHOD_MATCH = YES;
				COPY_PHASE_STRIP = NO;
				DEBUG_INFORMATION_FORMAT = dwarf;
				ENABLE_STRICT_OBJC_MSGSEND = YES;
				ENABLE_TESTABILITY = YES;
				GCC_C_LANGUAGE_STANDARD = gnu11;
				GCC_DYNAMIC_NO_PIC = NO;
				GCC_NO_COMMON_BLOCKS = YES;
				GCC_OPTIMIZATION_LEVEL = 0;
				GCC_PREPROCESSOR_DEFINITIONS = (
					"DEBUG=1",
					"$(inherited)",
				);
				GCC_WARN_64_TO_32_BIT_CONVERSION = YES;
				GCC_WARN_ABOUT_RETURN_TYPE = YES_ERROR;
				GCC_WARN_UNDECLARED_SELECTOR = YES;
				GCC_WARN_UNINITIALIZED_AUTOS = YES_AGGRESSIVE;
				GCC_WARN_UNUSED_FUNCTION = YES;
				GCC_WARN_UNUSED_VARIABLE = YES;
				IPHONEOS_DEPLOYMENT_TARGET = 13.2;
				MTL_ENABLE_DEBUG_INFO = INCLUDE_SOURCE;
				MTL_FAST_MATH = YES;
				ONLY_ACTIVE_ARCH = YES;
				SDKROOT = iphoneos;
				SWIFT_ACTIVE_COMPILATION_CONDITIONS = DEBUG;
				SWIFT_OPTIMIZATION_LEVEL = "-Onone";
			};
			name = Debug;
		};
		EBB2273C23E1F6A6006D8CA3 /* Release */ = {
			isa = XCBuildConfiguration;
			buildSettings = {
				ALWAYS_SEARCH_USER_PATHS = NO;
				CLANG_ANALYZER_NONNULL = YES;
				CLANG_ANALYZER_NUMBER_OBJECT_CONVERSION = YES_AGGRESSIVE;
				CLANG_CXX_LANGUAGE_STANDARD = "gnu++14";
				CLANG_CXX_LIBRARY = "libc++";
				CLANG_ENABLE_MODULES = YES;
				CLANG_ENABLE_OBJC_ARC = YES;
				CLANG_ENABLE_OBJC_WEAK = YES;
				CLANG_WARN_BLOCK_CAPTURE_AUTORELEASING = YES;
				CLANG_WARN_BOOL_CONVERSION = YES;
				CLANG_WARN_COMMA = YES;
				CLANG_WARN_CONSTANT_CONVERSION = YES;
				CLANG_WARN_DEPRECATED_OBJC_IMPLEMENTATIONS = YES;
				CLANG_WARN_DIRECT_OBJC_ISA_USAGE = YES_ERROR;
				CLANG_WARN_DOCUMENTATION_COMMENTS = YES;
				CLANG_WARN_EMPTY_BODY = YES;
				CLANG_WARN_ENUM_CONVERSION = YES;
				CLANG_WARN_INFINITE_RECURSION = YES;
				CLANG_WARN_INT_CONVERSION = YES;
				CLANG_WARN_NON_LITERAL_NULL_CONVERSION = YES;
				CLANG_WARN_OBJC_IMPLICIT_RETAIN_SELF = YES;
				CLANG_WARN_OBJC_LITERAL_CONVERSION = YES;
				CLANG_WARN_OBJC_ROOT_CLASS = YES_ERROR;
				CLANG_WARN_RANGE_LOOP_ANALYSIS = YES;
				CLANG_WARN_STRICT_PROTOTYPES = YES;
				CLANG_WARN_SUSPICIOUS_MOVE = YES;
				CLANG_WARN_UNGUARDED_AVAILABILITY = YES_AGGRESSIVE;
				CLANG_WARN_UNREACHABLE_CODE = YES;
				CLANG_WARN__DUPLICATE_METHOD_MATCH = YES;
				COPY_PHASE_STRIP = NO;
				DEBUG_INFORMATION_FORMAT = "dwarf-with-dsym";
				ENABLE_NS_ASSERTIONS = NO;
				ENABLE_STRICT_OBJC_MSGSEND = YES;
				GCC_C_LANGUAGE_STANDARD = gnu11;
				GCC_NO_COMMON_BLOCKS = YES;
				GCC_WARN_64_TO_32_BIT_CONVERSION = YES;
				GCC_WARN_ABOUT_RETURN_TYPE = YES_ERROR;
				GCC_WARN_UNDECLARED_SELECTOR = YES;
				GCC_WARN_UNINITIALIZED_AUTOS = YES_AGGRESSIVE;
				GCC_WARN_UNUSED_FUNCTION = YES;
				GCC_WARN_UNUSED_VARIABLE = YES;
				IPHONEOS_DEPLOYMENT_TARGET = 13.2;
				MTL_ENABLE_DEBUG_INFO = NO;
				MTL_FAST_MATH = YES;
				SDKROOT = iphoneos;
				SWIFT_COMPILATION_MODE = wholemodule;
				SWIFT_OPTIMIZATION_LEVEL = "-O";
				VALIDATE_PRODUCT = YES;
			};
			name = Release;
		};
		EBB2273E23E1F6A6006D8CA3 /* Debug */ = {
			isa = XCBuildConfiguration;
			buildSettings = {
				ASSETCATALOG_COMPILER_APPICON_NAME = AppIcon;
				CODE_SIGN_STYLE = Automatic;
				INFOPLIST_FILE = layoutExercise/Info.plist;
				LD_RUNPATH_SEARCH_PATHS = (
					"$(inherited)",
					"@executable_path/Frameworks",
				);
				PRODUCT_BUNDLE_IDENTIFIER = com.milesmalin.layoutExercise;
				PRODUCT_NAME = "$(TARGET_NAME)";
				SWIFT_VERSION = 5.0;
				TARGETED_DEVICE_FAMILY = "1,2";
			};
			name = Debug;
		};
		EBB2273F23E1F6A6006D8CA3 /* Release */ = {
			isa = XCBuildConfiguration;
			buildSettings = {
				ASSETCATALOG_COMPILER_APPICON_NAME = AppIcon;
				CODE_SIGN_STYLE = Automatic;
				INFOPLIST_FILE = layoutExercise/Info.plist;
				LD_RUNPATH_SEARCH_PATHS = (
					"$(inherited)",
					"@executable_path/Frameworks",
				);
				PRODUCT_BUNDLE_IDENTIFIER = com.milesmalin.layoutExercise;
				PRODUCT_NAME = "$(TARGET_NAME)";
				SWIFT_VERSION = 5.0;
				TARGETED_DEVICE_FAMILY = "1,2";
			};
			name = Release;
		};
/* End XCBuildConfiguration section */

/* Begin XCConfigurationList section */
		EBB2272423E1F6A1006D8CA3 /* Build configuration list for PBXProject "layoutExercise" */ = {
			isa = XCConfigurationList;
			buildConfigurations = (
				EBB2273B23E1F6A6006D8CA3 /* Debug */,
				EBB2273C23E1F6A6006D8CA3 /* Release */,
			);
			defaultConfigurationIsVisible = 0;
			defaultConfigurationName = Release;
		};
		EBB2273D23E1F6A6006D8CA3 /* Build configuration list for PBXNativeTarget "layoutExercise" */ = {
			isa = XCConfigurationList;
			buildConfigurations = (
				EBB2273E23E1F6A6006D8CA3 /* Debug */,
				EBB2273F23E1F6A6006D8CA3 /* Release */,
			);
			defaultConfigurationIsVisible = 0;
			defaultConfigurationName = Release;
		};
/* End XCConfigurationList section */
	};
	rootObject = EBB2272123E1F6A1006D8CA3 /* Project object */;
}
