// !$*UTF8*$!
{
	archiveVersion = 1;
	classes = {
	};
	objectVersion = 50;
	objects = {

/* Begin PBXBuildFile section */
		EB70E059237DB95900A1E56D /* boat.swift in Sources */ = {isa = PBXBuildFile; fileRef = EB70E058237DB95900A1E56D /* boat.swift */; };
		EB70E05B237DBC1100A1E56D /* ViewController.swift in Sources */ = {isa = PBXBuildFile; fileRef = EB70E05A237DBC1100A1E56D /* ViewController.swift */; };
		EB7A29532375D17000AA9AD8 /* AppDelegate.swift in Sources */ = {isa = PBXBuildFile; fileRef = EB7A29522375D17000AA9AD8 /* AppDelegate.swift */; };
		EB7A29552375D17000AA9AD8 /* SceneDelegate.swift in Sources */ = {isa = PBXBuildFile; fileRef = EB7A29542375D17000AA9AD8 /* SceneDelegate.swift */; };
		EB7A295A2375D17000AA9AD8 /* Main.storyboard in Resources */ = {isa = PBXBuildFile; fileRef = EB7A29582375D17000AA9AD8 /* Main.storyboard */; };
		EB7A295C2375D17500AA9AD8 /* Assets.xcassets in Resources */ = {isa = PBXBuildFile; fileRef = EB7A295B2375D17500AA9AD8 /* Assets.xcassets */; };
		EB7A295F2375D17500AA9AD8 /* LaunchScreen.storyboard in Resources */ = {isa = PBXBuildFile; fileRef = EB7A295D2375D17500AA9AD8 /* LaunchScreen.storyboard */; };
		EB7A29672375D1D500AA9AD8 /* TableViewController.swift in Sources */ = {isa = PBXBuildFile; fileRef = EB7A29662375D1D500AA9AD8 /* TableViewController.swift */; };
/* End PBXBuildFile section */

/* Begin PBXFileReference section */
		EB70E058237DB95900A1E56D /* boat.swift */ = {isa = PBXFileReference; lastKnownFileType = sourcecode.swift; path = boat.swift; sourceTree = "<group>"; };
		EB70E05A237DBC1100A1E56D /* ViewController.swift */ = {isa = PBXFileReference; lastKnownFileType = sourcecode.swift; path = ViewController.swift; sourceTree = "<group>"; };
		EB7A294F2375D17000AA9AD8 /* Boat dictionary.app */ = {isa = PBXFileReference; explicitFileType = wrapper.application; includeInIndex = 0; path = "Boat dictionary.app"; sourceTree = BUILT_PRODUCTS_DIR; };
		EB7A29522375D17000AA9AD8 /* AppDelegate.swift */ = {isa = PBXFileReference; lastKnownFileType = sourcecode.swift; path = AppDelegate.swift; sourceTree = "<group>"; };
		EB7A29542375D17000AA9AD8 /* SceneDelegate.swift */ = {isa = PBXFileReference; lastKnownFileType = sourcecode.swift; path = SceneDelegate.swift; sourceTree = "<group>"; };
		EB7A29592375D17000AA9AD8 /* Base */ = {isa = PBXFileReference; lastKnownFileType = file.storyboard; name = Base; path = Base.lproj/Main.storyboard; sourceTree = "<group>"; };
		EB7A295B2375D17500AA9AD8 /* Assets.xcassets */ = {isa = PBXFileReference; lastKnownFileType = folder.assetcatalog; path = Assets.xcassets; sourceTree = "<group>"; };
		EB7A295E2375D17500AA9AD8 /* Base */ = {isa = PBXFileReference; lastKnownFileType = file.storyboard; name = Base; path = Base.lproj/LaunchScreen.storyboard; sourceTree = "<group>"; };
		EB7A29602375D17500AA9AD8 /* Info.plist */ = {isa = PBXFileReference; lastKnownFileType = text.plist.xml; path = Info.plist; sourceTree = "<group>"; };
		EB7A29662375D1D500AA9AD8 /* TableViewController.swift */ = {isa = PBXFileReference; lastKnownFileType = sourcecode.swift; path = TableViewController.swift; sourceTree = "<group>"; };
/* End PBXFileReference section */

/* Begin PBXFrameworksBuildPhase section */
		EB7A294C2375D17000AA9AD8 /* Frameworks */ = {
			isa = PBXFrameworksBuildPhase;
			buildActionMask = 2147483647;
			files = (
			);
			runOnlyForDeploymentPostprocessing = 0;
		};
/* End PBXFrameworksBuildPhase section */

/* Begin PBXGroup section */
		EB7A29462375D17000AA9AD8 = {
			isa = PBXGroup;
			children = (
				EB7A29512375D17000AA9AD8 /* Boat dictionary */,
				EB7A29502375D17000AA9AD8 /* Products */,
			);
			sourceTree = "<group>";
		};
		EB7A29502375D17000AA9AD8 /* Products */ = {
			isa = PBXGroup;
			children = (
				EB7A294F2375D17000AA9AD8 /* Boat dictionary.app */,
			);
			name = Products;
			sourceTree = "<group>";
		};
		EB7A29512375D17000AA9AD8 /* Boat dictionary */ = {
			isa = PBXGroup;
			children = (
				EB7A29522375D17000AA9AD8 /* AppDelegate.swift */,
				EB7A29542375D17000AA9AD8 /* SceneDelegate.swift */,
				EB7A29582375D17000AA9AD8 /* Main.storyboard */,
				EB70E05A237DBC1100A1E56D /* ViewController.swift */,
				EB70E058237DB95900A1E56D /* boat.swift */,
				EB7A29662375D1D500AA9AD8 /* TableViewController.swift */,
				EB7A295B2375D17500AA9AD8 /* Assets.xcassets */,
				EB7A295D2375D17500AA9AD8 /* LaunchScreen.storyboard */,
				EB7A29602375D17500AA9AD8 /* Info.plist */,
			);
			path = "Boat dictionary";
			sourceTree = "<group>";
		};
/* End PBXGroup section */

/* Begin PBXNativeTarget section */
		EB7A294E2375D17000AA9AD8 /* Boat dictionary */ = {
			isa = PBXNativeTarget;
			buildConfigurationList = EB7A29632375D17500AA9AD8 /* Build configuration list for PBXNativeTarget "Boat dictionary" */;
			buildPhases = (
				EB7A294B2375D17000AA9AD8 /* Sources */,
				EB7A294C2375D17000AA9AD8 /* Frameworks */,
				EB7A294D2375D17000AA9AD8 /* Resources */,
			);
			buildRules = (
			);
			dependencies = (
			);
			name = "Boat dictionary";
			productName = "Boat dictionary";
			productReference = EB7A294F2375D17000AA9AD8 /* Boat dictionary.app */;
			productType = "com.apple.product-type.application";
		};
/* End PBXNativeTarget section */

/* Begin PBXProject section */
		EB7A29472375D17000AA9AD8 /* Project object */ = {
			isa = PBXProject;
			attributes = {
				LastSwiftUpdateCheck = 1120;
				LastUpgradeCheck = 1120;
				ORGANIZATIONNAME = "Miles Malin";
				TargetAttributes = {
					EB7A294E2375D17000AA9AD8 = {
						CreatedOnToolsVersion = 11.2;
					};
				};
			};
			buildConfigurationList = EB7A294A2375D17000AA9AD8 /* Build configuration list for PBXProject "Boat dictionary" */;
			compatibilityVersion = "Xcode 9.3";
			developmentRegion = en;
			hasScannedForEncodings = 0;
			knownRegions = (
				en,
				Base,
			);
			mainGroup = EB7A29462375D17000AA9AD8;
			productRefGroup = EB7A29502375D17000AA9AD8 /* Products */;
			projectDirPath = "";
			projectRoot = "";
			targets = (
				EB7A294E2375D17000AA9AD8 /* Boat dictionary */,
			);
		};
/* End PBXProject section */

/* Begin PBXResourcesBuildPhase section */
		EB7A294D2375D17000AA9AD8 /* Resources */ = {
			isa = PBXResourcesBuildPhase;
			buildActionMask = 2147483647;
			files = (
				EB7A295F2375D17500AA9AD8 /* LaunchScreen.storyboard in Resources */,
				EB7A295C2375D17500AA9AD8 /* Assets.xcassets in Resources */,
				EB7A295A2375D17000AA9AD8 /* Main.storyboard in Resources */,
			);
			runOnlyForDeploymentPostprocessing = 0;
		};
/* End PBXResourcesBuildPhase section */

/* Begin PBXSourcesBuildPhase section */
		EB7A294B2375D17000AA9AD8 /* Sources */ = {
			isa = PBXSourcesBuildPhase;
			buildActionMask = 2147483647;
			files = (
				EB70E05B237DBC1100A1E56D /* ViewController.swift in Sources */,
				EB7A29532375D17000AA9AD8 /* AppDelegate.swift in Sources */,
				EB7A29672375D1D500AA9AD8 /* TableViewController.swift in Sources */,
				EB7A29552375D17000AA9AD8 /* SceneDelegate.swift in Sources */,
				EB70E059237DB95900A1E56D /* boat.swift in Sources */,
			);
			runOnlyForDeploymentPostprocessing = 0;
		};
/* End PBXSourcesBuildPhase section */

/* Begin PBXVariantGroup section */
		EB7A29582375D17000AA9AD8 /* Main.storyboard */ = {
			isa = PBXVariantGroup;
			children = (
				EB7A29592375D17000AA9AD8 /* Base */,
			);
			name = Main.storyboard;
			sourceTree = "<group>";
		};
		EB7A295D2375D17500AA9AD8 /* LaunchScreen.storyboard */ = {
			isa = PBXVariantGroup;
			children = (
				EB7A295E2375D17500AA9AD8 /* Base */,
			);
			name = LaunchScreen.storyboard;
			sourceTree = "<group>";
		};
/* End PBXVariantGroup section */

/* Begin XCBuildConfiguration section */
		EB7A29612375D17500AA9AD8 /* Debug */ = {
			isa = XCBuildConfiguration;
			buildSettings = {
				ALWAYS_SEARCH_USER_PATHS = NO;
				CLANG_ANALYZER_NONNULL = YES;
				CLANG_ANALYZER_NUMBER_OBJECT_CONVERSION = YES_AGGRESSIVE;
				CLANG_CXX_LANGUAGE_STANDARD = "gnu++14";
				CLANG_CXX_LIBRARY = "libc++";
				CLANG_ENABLE_MODULES = YES;
				CLANG_ENABLE_OBJC_ARC = YES;
				CLANG_ENABLE_OBJC_WEAK = YES;
				CLANG_WARN_BLOCK_CAPTURE_AUTORELEASING = YES;
				CLANG_WARN_BOOL_CONVERSION = YES;
				CLANG_WARN_COMMA = YES;
				CLANG_WARN_CONSTANT_CONVERSION = YES;
				CLANG_WARN_DEPRECATED_OBJC_IMPLEMENTATIONS = YES;
				CLANG_WARN_DIRECT_OBJC_ISA_USAGE = YES_ERROR;
				CLANG_WARN_DOCUMENTATION_COMMENTS = YES;
				CLANG_WARN_EMPTY_BODY = YES;
				CLANG_WARN_ENUM_CONVERSION = YES;
				CLANG_WARN_INFINITE_RECURSION = YES;
				CLANG_WARN_INT_CONVERSION = YES;
				CLANG_WARN_NON_LITERAL_NULL_CONVERSION = YES;
				CLANG_WARN_OBJC_IMPLICIT_RETAIN_SELF = YES;
				CLANG_WARN_OBJC_LITERAL_CONVERSION = YES;
				CLANG_WARN_OBJC_ROOT_CLASS = YES_ERROR;
				CLANG_WARN_RANGE_LOOP_ANALYSIS = YES;
				CLANG_WARN_STRICT_PROTOTYPES = YES;
				CLANG_WARN_SUSPICIOUS_MOVE = YES;
				CLANG_WARN_UNGUARDED_AVAILABILITY = YES_AGGRESSIVE;
				CLANG_WARN_UNREACHABLE_CODE = YES;
				CLANG_WARN__DUPLICATE_METHOD_MATCH = YES;
				COPY_PHASE_STRIP = NO;
				DEBUG_INFORMATION_FORMAT = dwarf;
				ENABLE_STRICT_OBJC_MSGSEND = YES;
				ENABLE_TESTABILITY = YES;
				GCC_C_LANGUAGE_STANDARD = gnu11;
				GCC_DYNAMIC_NO_PIC = NO;
				GCC_NO_COMMON_BLOCKS = YES;
				GCC_OPTIMIZATION_LEVEL = 0;
				GCC_PREPROCESSOR_DEFINITIONS = (
					"DEBUG=1",
					"$(inherited)",
				);
				GCC_WARN_64_TO_32_BIT_CONVERSION = YES;
				GCC_WARN_ABOUT_RETURN_TYPE = YES_ERROR;
				GCC_WARN_UNDECLARED_SELECTOR = YES;
				GCC_WARN_UNINITIALIZED_AUTOS = YES_AGGRESSIVE;
				GCC_WARN_UNUSED_FUNCTION = YES;
				GCC_WARN_UNUSED_VARIABLE = YES;
				IPHONEOS_DEPLOYMENT_TARGET = 13.2;
				MTL_ENABLE_DEBUG_INFO = INCLUDE_SOURCE;
				MTL_FAST_MATH = YES;
				ONLY_ACTIVE_ARCH = YES;
				SDKROOT = iphoneos;
				SWIFT_ACTIVE_COMPILATION_CONDITIONS = DEBUG;
				SWIFT_OPTIMIZATION_LEVEL = "-Onone";
			};
			name = Debug;
		};
		EB7A29622375D17500AA9AD8 /* Release */ = {
			isa = XCBuildConfiguration;
			buildSettings = {
				ALWAYS_SEARCH_USER_PATHS = NO;
				CLANG_ANALYZER_NONNULL = YES;
				CLANG_ANALYZER_NUMBER_OBJECT_CONVERSION = YES_AGGRESSIVE;
				CLANG_CXX_LANGUAGE_STANDARD = "gnu++14";
				CLANG_CXX_LIBRARY = "libc++";
				CLANG_ENABLE_MODULES = YES;
				CLANG_ENABLE_OBJC_ARC = YES;
				CLANG_ENABLE_OBJC_WEAK = YES;
				CLANG_WARN_BLOCK_CAPTURE_AUTORELEASING = YES;
				CLANG_WARN_BOOL_CONVERSION = YES;
				CLANG_WARN_COMMA = YES;
				CLANG_WARN_CONSTANT_CONVERSION = YES;
				CLANG_WARN_DEPRECATED_OBJC_IMPLEMENTATIONS = YES;
				CLANG_WARN_DIRECT_OBJC_ISA_USAGE = YES_ERROR;
				CLANG_WARN_DOCUMENTATION_COMMENTS = YES;
				CLANG_WARN_EMPTY_BODY = YES;
				CLANG_WARN_ENUM_CONVERSION = YES;
				CLANG_WARN_INFINITE_RECURSION = YES;
				CLANG_WARN_INT_CONVERSION = YES;
				CLANG_WARN_NON_LITERAL_NULL_CONVERSION = YES;
				CLANG_WARN_OBJC_IMPLICIT_RETAIN_SELF = YES;
				CLANG_WARN_OBJC_LITERAL_CONVERSION = YES;
				CLANG_WARN_OBJC_ROOT_CLASS = YES_ERROR;
				CLANG_WARN_RANGE_LOOP_ANALYSIS = YES;
				CLANG_WARN_STRICT_PROTOTYPES = YES;
				CLANG_WARN_SUSPICIOUS_MOVE = YES;
				CLANG_WARN_UNGUARDED_AVAILABILITY = YES_AGGRESSIVE;
				CLANG_WARN_UNREACHABLE_CODE = YES;
				CLANG_WARN__DUPLICATE_METHOD_MATCH = YES;
				COPY_PHASE_STRIP = NO;
				DEBUG_INFORMATION_FORMAT = "dwarf-with-dsym";
				ENABLE_NS_ASSERTIONS = NO;
				ENABLE_STRICT_OBJC_MSGSEND = YES;
				GCC_C_LANGUAGE_STANDARD = gnu11;
				GCC_NO_COMMON_BLOCKS = YES;
				GCC_WARN_64_TO_32_BIT_CONVERSION = YES;
				GCC_WARN_ABOUT_RETURN_TYPE = YES_ERROR;
				GCC_WARN_UNDECLARED_SELECTOR = YES;
				GCC_WARN_UNINITIALIZED_AUTOS = YES_AGGRESSIVE;
				GCC_WARN_UNUSED_FUNCTION = YES;
				GCC_WARN_UNUSED_VARIABLE = YES;
				IPHONEOS_DEPLOYMENT_TARGET = 13.2;
				MTL_ENABLE_DEBUG_INFO = NO;
				MTL_FAST_MATH = YES;
				SDKROOT = iphoneos;
				SWIFT_COMPILATION_MODE = wholemodule;
				SWIFT_OPTIMIZATION_LEVEL = "-O";
				VALIDATE_PRODUCT = YES;
			};
			name = Release;
		};
		EB7A29642375D17500AA9AD8 /* Debug */ = {
			isa = XCBuildConfiguration;
			buildSettings = {
				ASSETCATALOG_COMPILER_APPICON_NAME = AppIcon;
				CODE_SIGN_STYLE = Automatic;
				INFOPLIST_FILE = "Boat dictionary/Info.plist";
				LD_RUNPATH_SEARCH_PATHS = (
					"$(inherited)",
					"@executable_path/Frameworks",
				);
				PRODUCT_BUNDLE_IDENTIFIER = "com.milesmalin.Boat-dictionary";
				PRODUCT_NAME = "$(TARGET_NAME)";
				SWIFT_VERSION = 5.0;
				TARGETED_DEVICE_FAMILY = "1,2";
			};
			name = Debug;
		};
		EB7A29652375D17500AA9AD8 /* Release */ = {
			isa = XCBuildConfiguration;
			buildSettings = {
				ASSETCATALOG_COMPILER_APPICON_NAME = AppIcon;
				CODE_SIGN_STYLE = Automatic;
				INFOPLIST_FILE = "Boat dictionary/Info.plist";
				LD_RUNPATH_SEARCH_PATHS = (
					"$(inherited)",
					"@executable_path/Frameworks",
				);
				PRODUCT_BUNDLE_IDENTIFIER = "com.milesmalin.Boat-dictionary";
				PRODUCT_NAME = "$(TARGET_NAME)";
				SWIFT_VERSION = 5.0;
				TARGETED_DEVICE_FAMILY = "1,2";
			};
			name = Release;
		};
/* End XCBuildConfiguration section */

/* Begin XCConfigurationList section */
		EB7A294A2375D17000AA9AD8 /* Build configuration list for PBXProject "Boat dictionary" */ = {
			isa = XCConfigurationList;
			buildConfigurations = (
				EB7A29612375D17500AA9AD8 /* Debug */,
				EB7A29622375D17500AA9AD8 /* Release */,
			);
			defaultConfigurationIsVisible = 0;
			defaultConfigurationName = Release;
		};
		EB7A29632375D17500AA9AD8 /* Build configuration list for PBXNativeTarget "Boat dictionary" */ = {
			isa = XCConfigurationList;
			buildConfigurations = (
				EB7A29642375D17500AA9AD8 /* Debug */,
				EB7A29652375D17500AA9AD8 /* Release */,
			);
			defaultConfigurationIsVisible = 0;
			defaultConfigurationName = Release;
		};
/* End XCConfigurationList section */
	};
	rootObject = EB7A29472375D17000AA9AD8 /* Project object */;
}
